// !$*UTF8*$!
{
	archiveVersion = 1;
	classes = {
	};
	objectVersion = 56;
	objects = {

/* Begin PBXBuildFile section */
		72366E9E2B10A5D50060F673 /* posApp.swift in Sources */ = {isa = PBXBuildFile; fileRef = 72366E9D2B10A5D50060F673 /* posApp.swift */; };
		72366EA02B10A5D50060F673 /* ContentView.swift in Sources */ = {isa = PBXBuildFile; fileRef = 72366E9F2B10A5D50060F673 /* ContentView.swift */; };
		72366EA22B10A5D50060F673 /* Item.swift in Sources */ = {isa = PBXBuildFile; fileRef = 72366EA12B10A5D50060F673 /* Item.swift */; };
		72366EA42B10A5D70060F673 /* Assets.xcassets in Resources */ = {isa = PBXBuildFile; fileRef = 72366EA32B10A5D70060F673 /* Assets.xcassets */; };
		72366EA82B10A5D70060F673 /* Preview Assets.xcassets in Resources */ = {isa = PBXBuildFile; fileRef = 72366EA72B10A5D70060F673 /* Preview Assets.xcassets */; };
		72366EB22B10A5D70060F673 /* posTests.swift in Sources */ = {isa = PBXBuildFile; fileRef = 72366EB12B10A5D70060F673 /* posTests.swift */; };
		72366EBC2B10A5D70060F673 /* posUITests.swift in Sources */ = {isa = PBXBuildFile; fileRef = 72366EBB2B10A5D70060F673 /* posUITests.swift */; };
		72366EBE2B10A5D70060F673 /* posUITestsLaunchTests.swift in Sources */ = {isa = PBXBuildFile; fileRef = 72366EBD2B10A5D70060F673 /* posUITestsLaunchTests.swift */; };
/* End PBXBuildFile section */

/* Begin PBXContainerItemProxy section */
		72366EAE2B10A5D70060F673 /* PBXContainerItemProxy */ = {
			isa = PBXContainerItemProxy;
			containerPortal = 72366E922B10A5D50060F673 /* Project object */;
			proxyType = 1;
			remoteGlobalIDString = 72366E992B10A5D50060F673;
			remoteInfo = pos;
		};
		72366EB82B10A5D70060F673 /* PBXContainerItemProxy */ = {
			isa = PBXContainerItemProxy;
			containerPortal = 72366E922B10A5D50060F673 /* Project object */;
			proxyType = 1;
			remoteGlobalIDString = 72366E992B10A5D50060F673;
			remoteInfo = pos;
		};
/* End PBXContainerItemProxy section */

/* Begin PBXFileReference section */
		72366E9A2B10A5D50060F673 /* pos.app */ = {isa = PBXFileReference; explicitFileType = wrapper.application; includeInIndex = 0; path = pos.app; sourceTree = BUILT_PRODUCTS_DIR; };
		72366E9D2B10A5D50060F673 /* posApp.swift */ = {isa = PBXFileReference; lastKnownFileType = sourcecode.swift; path = posApp.swift; sourceTree = "<group>"; };
		72366E9F2B10A5D50060F673 /* ContentView.swift */ = {isa = PBXFileReference; lastKnownFileType = sourcecode.swift; path = ContentView.swift; sourceTree = "<group>"; };
		72366EA12B10A5D50060F673 /* Item.swift */ = {isa = PBXFileReference; lastKnownFileType = sourcecode.swift; path = Item.swift; sourceTree = "<group>"; };
		72366EA32B10A5D70060F673 /* Assets.xcassets */ = {isa = PBXFileReference; lastKnownFileType = folder.assetcatalog; path = Assets.xcassets; sourceTree = "<group>"; };
		72366EA52B10A5D70060F673 /* pos.entitlements */ = {isa = PBXFileReference; lastKnownFileType = text.plist.entitlements; path = pos.entitlements; sourceTree = "<group>"; };
		72366EA72B10A5D70060F673 /* Preview Assets.xcassets */ = {isa = PBXFileReference; lastKnownFileType = folder.assetcatalog; path = "Preview Assets.xcassets"; sourceTree = "<group>"; };
		72366EAD2B10A5D70060F673 /* posTests.xctest */ = {isa = PBXFileReference; explicitFileType = wrapper.cfbundle; includeInIndex = 0; path = posTests.xctest; sourceTree = BUILT_PRODUCTS_DIR; };
		72366EB12B10A5D70060F673 /* posTests.swift */ = {isa = PBXFileReference; lastKnownFileType = sourcecode.swift; path = posTests.swift; sourceTree = "<group>"; };
		72366EB72B10A5D70060F673 /* posUITests.xctest */ = {isa = PBXFileReference; explicitFileType = wrapper.cfbundle; includeInIndex = 0; path = posUITests.xctest; sourceTree = BUILT_PRODUCTS_DIR; };
		72366EBB2B10A5D70060F673 /* posUITests.swift */ = {isa = PBXFileReference; lastKnownFileType = sourcecode.swift; path = posUITests.swift; sourceTree = "<group>"; };
		72366EBD2B10A5D70060F673 /* posUITestsLaunchTests.swift */ = {isa = PBXFileReference; lastKnownFileType = sourcecode.swift; path = posUITestsLaunchTests.swift; sourceTree = "<group>"; };
/* End PBXFileReference section */

/* Begin PBXFrameworksBuildPhase section */
		72366E972B10A5D50060F673 /* Frameworks */ = {
			isa = PBXFrameworksBuildPhase;
			buildActionMask = 2147483647;
			files = (
			);
			runOnlyForDeploymentPostprocessing = 0;
		};
		72366EAA2B10A5D70060F673 /* Frameworks */ = {
			isa = PBXFrameworksBuildPhase;
			buildActionMask = 2147483647;
			files = (
			);
			runOnlyForDeploymentPostprocessing = 0;
		};
		72366EB42B10A5D70060F673 /* Frameworks */ = {
			isa = PBXFrameworksBuildPhase;
			buildActionMask = 2147483647;
			files = (
			);
			runOnlyForDeploymentPostprocessing = 0;
		};
/* End PBXFrameworksBuildPhase section */

/* Begin PBXGroup section */
		72366E912B10A5D50060F673 = {
			isa = PBXGroup;
			children = (
				72366E9C2B10A5D50060F673 /* pos */,
				72366EB02B10A5D70060F673 /* posTests */,
				72366EBA2B10A5D70060F673 /* posUITests */,
				72366E9B2B10A5D50060F673 /* Products */,
			);
			sourceTree = "<group>";
		};
		72366E9B2B10A5D50060F673 /* Products */ = {
			isa = PBXGroup;
			children = (
				72366E9A2B10A5D50060F673 /* pos.app */,
				72366EAD2B10A5D70060F673 /* posTests.xctest */,
				72366EB72B10A5D70060F673 /* posUITests.xctest */,
			);
			name = Products;
			sourceTree = "<group>";
		};
		72366E9C2B10A5D50060F673 /* pos */ = {
			isa = PBXGroup;
			children = (
				72366E9D2B10A5D50060F673 /* posApp.swift */,
				72366E9F2B10A5D50060F673 /* ContentView.swift */,
				72366EA12B10A5D50060F673 /* Item.swift */,
				72366EA32B10A5D70060F673 /* Assets.xcassets */,
				72366EA52B10A5D70060F673 /* pos.entitlements */,
				72366EA62B10A5D70060F673 /* Preview Content */,
			);
			path = pos;
			sourceTree = "<group>";
		};
		72366EA62B10A5D70060F673 /* Preview Content */ = {
			isa = PBXGroup;
			children = (
				72366EA72B10A5D70060F673 /* Preview Assets.xcassets */,
			);
			path = "Preview Content";
			sourceTree = "<group>";
		};
		72366EB02B10A5D70060F673 /* posTests */ = {
			isa = PBXGroup;
			children = (
				72366EB12B10A5D70060F673 /* posTests.swift */,
			);
			path = posTests;
			sourceTree = "<group>";
		};
		72366EBA2B10A5D70060F673 /* posUITests */ = {
			isa = PBXGroup;
			children = (
				72366EBB2B10A5D70060F673 /* posUITests.swift */,
				72366EBD2B10A5D70060F673 /* posUITestsLaunchTests.swift */,
			);
			path = posUITests;
			sourceTree = "<group>";
		};
/* End PBXGroup section */

/* Begin PBXNativeTarget section */
		72366E992B10A5D50060F673 /* pos */ = {
			isa = PBXNativeTarget;
			buildConfigurationList = 72366EC12B10A5D70060F673 /* Build configuration list for PBXNativeTarget "pos" */;
			buildPhases = (
				72366E962B10A5D50060F673 /* Sources */,
				72366E972B10A5D50060F673 /* Frameworks */,
				72366E982B10A5D50060F673 /* Resources */,
			);
			buildRules = (
			);
			dependencies = (
			);
			name = pos;
			productName = pos;
			productReference = 72366E9A2B10A5D50060F673 /* pos.app */;
			productType = "com.apple.product-type.application";
		};
		72366EAC2B10A5D70060F673 /* posTests */ = {
			isa = PBXNativeTarget;
			buildConfigurationList = 72366EC42B10A5D70060F673 /* Build configuration list for PBXNativeTarget "posTests" */;
			buildPhases = (
				72366EA92B10A5D70060F673 /* Sources */,
				72366EAA2B10A5D70060F673 /* Frameworks */,
				72366EAB2B10A5D70060F673 /* Resources */,
			);
			buildRules = (
			);
			dependencies = (
				72366EAF2B10A5D70060F673 /* PBXTargetDependency */,
			);
			name = posTests;
			productName = posTests;
			productReference = 72366EAD2B10A5D70060F673 /* posTests.xctest */;
			productType = "com.apple.product-type.bundle.unit-test";
		};
		72366EB62B10A5D70060F673 /* posUITests */ = {
			isa = PBXNativeTarget;
			buildConfigurationList = 72366EC72B10A5D70060F673 /* Build configuration list for PBXNativeTarget "posUITests" */;
			buildPhases = (
				72366EB32B10A5D70060F673 /* Sources */,
				72366EB42B10A5D70060F673 /* Frameworks */,
				72366EB52B10A5D70060F673 /* Resources */,
			);
			buildRules = (
			);
			dependencies = (
				72366EB92B10A5D70060F673 /* PBXTargetDependency */,
			);
			name = posUITests;
			productName = posUITests;
			productReference = 72366EB72B10A5D70060F673 /* posUITests.xctest */;
			productType = "com.apple.product-type.bundle.ui-testing";
		};
/* End PBXNativeTarget section */

/* Begin PBXProject section */
		72366E922B10A5D50060F673 /* Project object */ = {
			isa = PBXProject;
			attributes = {
				BuildIndependentTargetsInParallel = 1;
				LastSwiftUpdateCheck = 1500;
				LastUpgradeCheck = 1500;
				TargetAttributes = {
					72366E992B10A5D50060F673 = {
						CreatedOnToolsVersion = 15.0.1;
					};
					72366EAC2B10A5D70060F673 = {
						CreatedOnToolsVersion = 15.0.1;
						TestTargetID = 72366E992B10A5D50060F673;
					};
					72366EB62B10A5D70060F673 = {
						CreatedOnToolsVersion = 15.0.1;
						TestTargetID = 72366E992B10A5D50060F673;
					};
				};
			};
			buildConfigurationList = 72366E952B10A5D50060F673 /* Build configuration list for PBXProject "pos" */;
			compatibilityVersion = "Xcode 14.0";
			developmentRegion = en;
			hasScannedForEncodings = 0;
			knownRegions = (
				en,
				Base,
			);
			mainGroup = 72366E912B10A5D50060F673;
			productRefGroup = 72366E9B2B10A5D50060F673 /* Products */;
			projectDirPath = "";
			projectRoot = "";
			targets = (
				72366E992B10A5D50060F673 /* pos */,
				72366EAC2B10A5D70060F673 /* posTests */,
				72366EB62B10A5D70060F673 /* posUITests */,
			);
		};
/* End PBXProject section */

/* Begin PBXResourcesBuildPhase section */
		72366E982B10A5D50060F673 /* Resources */ = {
			isa = PBXResourcesBuildPhase;
			buildActionMask = 2147483647;
			files = (
				72366EA82B10A5D70060F673 /* Preview Assets.xcassets in Resources */,
				72366EA42B10A5D70060F673 /* Assets.xcassets in Resources */,
			);
			runOnlyForDeploymentPostprocessing = 0;
		};
		72366EAB2B10A5D70060F673 /* Resources */ = {
			isa = PBXResourcesBuildPhase;
			buildActionMask = 2147483647;
			files = (
			);
			runOnlyForDeploymentPostprocessing = 0;
		};
		72366EB52B10A5D70060F673 /* Resources */ = {
			isa = PBXResourcesBuildPhase;
			buildActionMask = 2147483647;
			files = (
			);
			runOnlyForDeploymentPostprocessing = 0;
		};
/* End PBXResourcesBuildPhase section */

/* Begin PBXSourcesBuildPhase section */
		72366E962B10A5D50060F673 /* Sources */ = {
			isa = PBXSourcesBuildPhase;
			buildActionMask = 2147483647;
			files = (
				72366EA02B10A5D50060F673 /* ContentView.swift in Sources */,
				72366EA22B10A5D50060F673 /* Item.swift in Sources */,
				72366E9E2B10A5D50060F673 /* posApp.swift in Sources */,
			);
			runOnlyForDeploymentPostprocessing = 0;
		};
		72366EA92B10A5D70060F673 /* Sources */ = {
			isa = PBXSourcesBuildPhase;
			buildActionMask = 2147483647;
			files = (
				72366EB22B10A5D70060F673 /* posTests.swift in Sources */,
			);
			runOnlyForDeploymentPostprocessing = 0;
		};
		72366EB32B10A5D70060F673 /* Sources */ = {
			isa = PBXSourcesBuildPhase;
			buildActionMask = 2147483647;
			files = (
				72366EBC2B10A5D70060F673 /* posUITests.swift in Sources */,
				72366EBE2B10A5D70060F673 /* posUITestsLaunchTests.swift in Sources */,
			);
			runOnlyForDeploymentPostprocessing = 0;
		};
/* End PBXSourcesBuildPhase section */

/* Begin PBXTargetDependency section */
		72366EAF2B10A5D70060F673 /* PBXTargetDependency */ = {
			isa = PBXTargetDependency;
			target = 72366E992B10A5D50060F673 /* pos */;
			targetProxy = 72366EAE2B10A5D70060F673 /* PBXContainerItemProxy */;
		};
		72366EB92B10A5D70060F673 /* PBXTargetDependency */ = {
			isa = PBXTargetDependency;
			target = 72366E992B10A5D50060F673 /* pos */;
			targetProxy = 72366EB82B10A5D70060F673 /* PBXContainerItemProxy */;
		};
/* End PBXTargetDependency section */

/* Begin XCBuildConfiguration section */
		72366EBF2B10A5D70060F673 /* Debug */ = {
			isa = XCBuildConfiguration;
			buildSettings = {
				ALWAYS_SEARCH_USER_PATHS = NO;
				ASSETCATALOG_COMPILER_GENERATE_SWIFT_ASSET_SYMBOL_EXTENSIONS = YES;
				CLANG_ANALYZER_NONNULL = YES;
				CLANG_ANALYZER_NUMBER_OBJECT_CONVERSION = YES_AGGRESSIVE;
				CLANG_CXX_LANGUAGE_STANDARD = "gnu++20";
				CLANG_ENABLE_MODULES = YES;
				CLANG_ENABLE_OBJC_ARC = YES;
				CLANG_ENABLE_OBJC_WEAK = YES;
				CLANG_WARN_BLOCK_CAPTURE_AUTORELEASING = YES;
				CLANG_WARN_BOOL_CONVERSION = YES;
				CLANG_WARN_COMMA = YES;
				CLANG_WARN_CONSTANT_CONVERSION = YES;
				CLANG_WARN_DEPRECATED_OBJC_IMPLEMENTATIONS = YES;
				CLANG_WARN_DIRECT_OBJC_ISA_USAGE = YES_ERROR;
				CLANG_WARN_DOCUMENTATION_COMMENTS = YES;
				CLANG_WARN_EMPTY_BODY = YES;
				CLANG_WARN_ENUM_CONVERSION = YES;
				CLANG_WARN_INFINITE_RECURSION = YES;
				CLANG_WARN_INT_CONVERSION = YES;
				CLANG_WARN_NON_LITERAL_NULL_CONVERSION = YES;
				CLANG_WARN_OBJC_IMPLICIT_RETAIN_SELF = YES;
				CLANG_WARN_OBJC_LITERAL_CONVERSION = YES;
				CLANG_WARN_OBJC_ROOT_CLASS = YES_ERROR;
				CLANG_WARN_QUOTED_INCLUDE_IN_FRAMEWORK_HEADER = YES;
				CLANG_WARN_RANGE_LOOP_ANALYSIS = YES;
				CLANG_WARN_STRICT_PROTOTYPES = YES;
				CLANG_WARN_SUSPICIOUS_MOVE = YES;
				CLANG_WARN_UNGUARDED_AVAILABILITY = YES_AGGRESSIVE;
				CLANG_WARN_UNREACHABLE_CODE = YES;
				CLANG_WARN__DUPLICATE_METHOD_MATCH = YES;
				COPY_PHASE_STRIP = NO;
				DEBUG_INFORMATION_FORMAT = dwarf;
				ENABLE_STRICT_OBJC_MSGSEND = YES;
				ENABLE_TESTABILITY = YES;
				ENABLE_USER_SCRIPT_SANDBOXING = YES;
				GCC_C_LANGUAGE_STANDARD = gnu17;
				GCC_DYNAMIC_NO_PIC = NO;
				GCC_NO_COMMON_BLOCKS = YES;
				GCC_OPTIMIZATION_LEVEL = 0;
				GCC_PREPROCESSOR_DEFINITIONS = (
					"DEBUG=1",
					"$(inherited)",
				);
				GCC_WARN_64_TO_32_BIT_CONVERSION = YES;
				GCC_WARN_ABOUT_RETURN_TYPE = YES_ERROR;
				GCC_WARN_UNDECLARED_SELECTOR = YES;
				GCC_WARN_UNINITIALIZED_AUTOS = YES_AGGRESSIVE;
				GCC_WARN_UNUSED_FUNCTION = YES;
				GCC_WARN_UNUSED_VARIABLE = YES;
				LOCALIZATION_PREFERS_STRING_CATALOGS = YES;
				MTL_ENABLE_DEBUG_INFO = INCLUDE_SOURCE;
				MTL_FAST_MATH = YES;
				ONLY_ACTIVE_ARCH = YES;
				SWIFT_ACTIVE_COMPILATION_CONDITIONS = "DEBUG $(inherited)";
				SWIFT_OPTIMIZATION_LEVEL = "-Onone";
			};
			name = Debug;
		};
		72366EC02B10A5D70060F673 /* Release */ = {
			isa = XCBuildConfiguration;
			buildSettings = {
				ALWAYS_SEARCH_USER_PATHS = NO;
				ASSETCATALOG_COMPILER_GENERATE_SWIFT_ASSET_SYMBOL_EXTENSIONS = YES;
				CLANG_ANALYZER_NONNULL = YES;
				CLANG_ANALYZER_NUMBER_OBJECT_CONVERSION = YES_AGGRESSIVE;
				CLANG_CXX_LANGUAGE_STANDARD = "gnu++20";
				CLANG_ENABLE_MODULES = YES;
				CLANG_ENABLE_OBJC_ARC = YES;
				CLANG_ENABLE_OBJC_WEAK = YES;
				CLANG_WARN_BLOCK_CAPTURE_AUTORELEASING = YES;
				CLANG_WARN_BOOL_CONVERSION = YES;
				CLANG_WARN_COMMA = YES;
				CLANG_WARN_CONSTANT_CONVERSION = YES;
				CLANG_WARN_DEPRECATED_OBJC_IMPLEMENTATIONS = YES;
				CLANG_WARN_DIRECT_OBJC_ISA_USAGE = YES_ERROR;
				CLANG_WARN_DOCUMENTATION_COMMENTS = YES;
				CLANG_WARN_EMPTY_BODY = YES;
				CLANG_WARN_ENUM_CONVERSION = YES;
				CLANG_WARN_INFINITE_RECURSION = YES;
				CLANG_WARN_INT_CONVERSION = YES;
				CLANG_WARN_NON_LITERAL_NULL_CONVERSION = YES;
				CLANG_WARN_OBJC_IMPLICIT_RETAIN_SELF = YES;
				CLANG_WARN_OBJC_LITERAL_CONVERSION = YES;
				CLANG_WARN_OBJC_ROOT_CLASS = YES_ERROR;
				CLANG_WARN_QUOTED_INCLUDE_IN_FRAMEWORK_HEADER = YES;
				CLANG_WARN_RANGE_LOOP_ANALYSIS = YES;
				CLANG_WARN_STRICT_PROTOTYPES = YES;
				CLANG_WARN_SUSPICIOUS_MOVE = YES;
				CLANG_WARN_UNGUARDED_AVAILABILITY = YES_AGGRESSIVE;
				CLANG_WARN_UNREACHABLE_CODE = YES;
				CLANG_WARN__DUPLICATE_METHOD_MATCH = YES;
				COPY_PHASE_STRIP = NO;
				DEBUG_INFORMATION_FORMAT = "dwarf-with-dsym";
				ENABLE_NS_ASSERTIONS = NO;
				ENABLE_STRICT_OBJC_MSGSEND = YES;
				ENABLE_USER_SCRIPT_SANDBOXING = YES;
				GCC_C_LANGUAGE_STANDARD = gnu17;
				GCC_NO_COMMON_BLOCKS = YES;
				GCC_WARN_64_TO_32_BIT_CONVERSION = YES;
				GCC_WARN_ABOUT_RETURN_TYPE = YES_ERROR;
				GCC_WARN_UNDECLARED_SELECTOR = YES;
				GCC_WARN_UNINITIALIZED_AUTOS = YES_AGGRESSIVE;
				GCC_WARN_UNUSED_FUNCTION = YES;
				GCC_WARN_UNUSED_VARIABLE = YES;
				LOCALIZATION_PREFERS_STRING_CATALOGS = YES;
				MTL_ENABLE_DEBUG_INFO = NO;
				MTL_FAST_MATH = YES;
				SWIFT_COMPILATION_MODE = wholemodule;
			};
			name = Release;
		};
		72366EC22B10A5D70060F673 /* Debug */ = {
			isa = XCBuildConfiguration;
			buildSettings = {
				ASSETCATALOG_COMPILER_APPICON_NAME = AppIcon;
				ASSETCATALOG_COMPILER_GLOBAL_ACCENT_COLOR_NAME = AccentColor;
				CODE_SIGN_ENTITLEMENTS = pos/pos.entitlements;
				CODE_SIGN_STYLE = Automatic;
				CURRENT_PROJECT_VERSION = 1;
				DEVELOPMENT_ASSET_PATHS = "\"pos/Preview Content\"";
				ENABLE_PREVIEWS = YES;
				GENERATE_INFOPLIST_FILE = YES;
				"INFOPLIST_KEY_UIApplicationSceneManifest_Generation[sdk=iphoneos*]" = YES;
				"INFOPLIST_KEY_UIApplicationSceneManifest_Generation[sdk=iphonesimulator*]" = YES;
				"INFOPLIST_KEY_UIApplicationSupportsIndirectInputEvents[sdk=iphoneos*]" = YES;
				"INFOPLIST_KEY_UIApplicationSupportsIndirectInputEvents[sdk=iphonesimulator*]" = YES;
				"INFOPLIST_KEY_UILaunchScreen_Generation[sdk=iphoneos*]" = YES;
				"INFOPLIST_KEY_UILaunchScreen_Generation[sdk=iphonesimulator*]" = YES;
				"INFOPLIST_KEY_UIStatusBarStyle[sdk=iphoneos*]" = UIStatusBarStyleDefault;
				"INFOPLIST_KEY_UIStatusBarStyle[sdk=iphonesimulator*]" = UIStatusBarStyleDefault;
				INFOPLIST_KEY_UISupportedInterfaceOrientations_iPad = "UIInterfaceOrientationPortrait UIInterfaceOrientationPortraitUpsideDown UIInterfaceOrientationLandscapeLeft UIInterfaceOrientationLandscapeRight";
				INFOPLIST_KEY_UISupportedInterfaceOrientations_iPhone = "UIInterfaceOrientationPortrait UIInterfaceOrientationLandscapeLeft UIInterfaceOrientationLandscapeRight";
				IPHONEOS_DEPLOYMENT_TARGET = 17.0;
				LD_RUNPATH_SEARCH_PATHS = "@executable_path/Frameworks";
				"LD_RUNPATH_SEARCH_PATHS[sdk=macosx*]" = "@executable_path/../Frameworks";
				MACOSX_DEPLOYMENT_TARGET = 14.0;
				MARKETING_VERSION = 1.0;
				PRODUCT_BUNDLE_IDENTIFIER = brian.pos;
				PRODUCT_NAME = "$(TARGET_NAME)";
				SDKROOT = auto;
				SUPPORTED_PLATFORMS = "iphoneos iphonesimulator macosx";
				SWIFT_EMIT_LOC_STRINGS = YES;
				SWIFT_VERSION = 5.0;
				TARGETED_DEVICE_FAMILY = "1,2";
			};
			name = Debug;
		};
		72366EC32B10A5D70060F673 /* Release */ = {
			isa = XCBuildConfiguration;
			buildSettings = {
				ASSETCATALOG_COMPILER_APPICON_NAME = AppIcon;
				ASSETCATALOG_COMPILER_GLOBAL_ACCENT_COLOR_NAME = AccentColor;
				CODE_SIGN_ENTITLEMENTS = pos/pos.entitlements;
				CODE_SIGN_STYLE = Automatic;
				CURRENT_PROJECT_VERSION = 1;
				DEVELOPMENT_ASSET_PATHS = "\"pos/Preview Content\"";
				ENABLE_PREVIEWS = YES;
				GENERATE_INFOPLIST_FILE = YES;
				"INFOPLIST_KEY_UIApplicationSceneManifest_Generation[sdk=iphoneos*]" = YES;
				"INFOPLIST_KEY_UIApplicationSceneManifest_Generation[sdk=iphonesimulator*]" = YES;
				"INFOPLIST_KEY_UIApplicationSupportsIndirectInputEvents[sdk=iphoneos*]" = YES;
				"INFOPLIST_KEY_UIApplicationSupportsIndirectInputEvents[sdk=iphonesimulator*]" = YES;
				"INFOPLIST_KEY_UILaunchScreen_Generation[sdk=iphoneos*]" = YES;
				"INFOPLIST_KEY_UILaunchScreen_Generation[sdk=iphonesimulator*]" = YES;
				"INFOPLIST_KEY_UIStatusBarStyle[sdk=iphoneos*]" = UIStatusBarStyleDefault;
				"INFOPLIST_KEY_UIStatusBarStyle[sdk=iphonesimulator*]" = UIStatusBarStyleDefault;
				INFOPLIST_KEY_UISupportedInterfaceOrientations_iPad = "UIInterfaceOrientationPortrait UIInterfaceOrientationPortraitUpsideDown UIInterfaceOrientationLandscapeLeft UIInterfaceOrientationLandscapeRight";
				INFOPLIST_KEY_UISupportedInterfaceOrientations_iPhone = "UIInterfaceOrientationPortrait UIInterfaceOrientationLandscapeLeft UIInterfaceOrientationLandscapeRight";
				IPHONEOS_DEPLOYMENT_TARGET = 17.0;
				LD_RUNPATH_SEARCH_PATHS = "@executable_path/Frameworks";
				"LD_RUNPATH_SEARCH_PATHS[sdk=macosx*]" = "@executable_path/../Frameworks";
				MACOSX_DEPLOYMENT_TARGET = 14.0;
				MARKETING_VERSION = 1.0;
				PRODUCT_BUNDLE_IDENTIFIER = brian.pos;
				PRODUCT_NAME = "$(TARGET_NAME)";
				SDKROOT = auto;
				SUPPORTED_PLATFORMS = "iphoneos iphonesimulator macosx";
				SWIFT_EMIT_LOC_STRINGS = YES;
				SWIFT_VERSION = 5.0;
				TARGETED_DEVICE_FAMILY = "1,2";
			};
			name = Release;
		};
		72366EC52B10A5D70060F673 /* Debug */ = {
			isa = XCBuildConfiguration;
			buildSettings = {
				ALWAYS_EMBED_SWIFT_STANDARD_LIBRARIES = YES;
				BUNDLE_LOADER = "$(TEST_HOST)";
				CODE_SIGN_STYLE = Automatic;
				CURRENT_PROJECT_VERSION = 1;
				GENERATE_INFOPLIST_FILE = YES;
				IPHONEOS_DEPLOYMENT_TARGET = 17.0;
				MACOSX_DEPLOYMENT_TARGET = 14.0;
				MARKETING_VERSION = 1.0;
				PRODUCT_BUNDLE_IDENTIFIER = brian.posTests;
				PRODUCT_NAME = "$(TARGET_NAME)";
				SDKROOT = auto;
				SUPPORTED_PLATFORMS = "iphoneos iphonesimulator macosx";
				SWIFT_EMIT_LOC_STRINGS = NO;
				SWIFT_VERSION = 5.0;
				TARGETED_DEVICE_FAMILY = "1,2";
				TEST_HOST = "$(BUILT_PRODUCTS_DIR)/pos.app/$(BUNDLE_EXECUTABLE_FOLDER_PATH)/pos";
			};
			name = Debug;
		};
		72366EC62B10A5D70060F673 /* Release */ = {
			isa = XCBuildConfiguration;
			buildSettings = {
				ALWAYS_EMBED_SWIFT_STANDARD_LIBRARIES = YES;
				BUNDLE_LOADER = "$(TEST_HOST)";
				CODE_SIGN_STYLE = Automatic;
				CURRENT_PROJECT_VERSION = 1;
				GENERATE_INFOPLIST_FILE = YES;
				IPHONEOS_DEPLOYMENT_TARGET = 17.0;
				MACOSX_DEPLOYMENT_TARGET = 14.0;
				MARKETING_VERSION = 1.0;
				PRODUCT_BUNDLE_IDENTIFIER = brian.posTests;
				PRODUCT_NAME = "$(TARGET_NAME)";
				SDKROOT = auto;
				SUPPORTED_PLATFORMS = "iphoneos iphonesimulator macosx";
				SWIFT_EMIT_LOC_STRINGS = NO;
				SWIFT_VERSION = 5.0;
				TARGETED_DEVICE_FAMILY = "1,2";
				TEST_HOST = "$(BUILT_PRODUCTS_DIR)/pos.app/$(BUNDLE_EXECUTABLE_FOLDER_PATH)/pos";
			};
			name = Release;
		};
		72366EC82B10A5D70060F673 /* Debug */ = {
			isa = XCBuildConfiguration;
			buildSettings = {
				ALWAYS_EMBED_SWIFT_STANDARD_LIBRARIES = YES;
				CODE_SIGN_STYLE = Automatic;
				CURRENT_PROJECT_VERSION = 1;
				GENERATE_INFOPLIST_FILE = YES;
				IPHONEOS_DEPLOYMENT_TARGET = 17.0;
				MACOSX_DEPLOYMENT_TARGET = 14.0;
				MARKETING_VERSION = 1.0;
				PRODUCT_BUNDLE_IDENTIFIER = brian.posUITests;
				PRODUCT_NAME = "$(TARGET_NAME)";
				SDKROOT = auto;
				SUPPORTED_PLATFORMS = "iphoneos iphonesimulator macosx";
				SWIFT_EMIT_LOC_STRINGS = NO;
				SWIFT_VERSION = 5.0;
				TARGETED_DEVICE_FAMILY = "1,2";
				TEST_TARGET_NAME = pos;
			};
			name = Debug;
		};
		72366EC92B10A5D70060F673 /* Release */ = {
			isa = XCBuildConfiguration;
			buildSettings = {
				ALWAYS_EMBED_SWIFT_STANDARD_LIBRARIES = YES;
				CODE_SIGN_STYLE = Automatic;
				CURRENT_PROJECT_VERSION = 1;
				GENERATE_INFOPLIST_FILE = YES;
				IPHONEOS_DEPLOYMENT_TARGET = 17.0;
				MACOSX_DEPLOYMENT_TARGET = 14.0;
				MARKETING_VERSION = 1.0;
				PRODUCT_BUNDLE_IDENTIFIER = brian.posUITests;
				PRODUCT_NAME = "$(TARGET_NAME)";
				SDKROOT = auto;
				SUPPORTED_PLATFORMS = "iphoneos iphonesimulator macosx";
				SWIFT_EMIT_LOC_STRINGS = NO;
				SWIFT_VERSION = 5.0;
				TARGETED_DEVICE_FAMILY = "1,2";
				TEST_TARGET_NAME = pos;
			};
			name = Release;
		};
/* End XCBuildConfiguration section */

/* Begin XCConfigurationList section */
		72366E952B10A5D50060F673 /* Build configuration list for PBXProject "pos" */ = {
			isa = XCConfigurationList;
			buildConfigurations = (
				72366EBF2B10A5D70060F673 /* Debug */,
				72366EC02B10A5D70060F673 /* Release */,
			);
			defaultConfigurationIsVisible = 0;
			defaultConfigurationName = Release;
		};
		72366EC12B10A5D70060F673 /* Build configuration list for PBXNativeTarget "pos" */ = {
			isa = XCConfigurationList;
			buildConfigurations = (
				72366EC22B10A5D70060F673 /* Debug */,
				72366EC32B10A5D70060F673 /* Release */,
			);
			defaultConfigurationIsVisible = 0;
			defaultConfigurationName = Release;
		};
		72366EC42B10A5D70060F673 /* Build configuration list for PBXNativeTarget "posTests" */ = {
			isa = XCConfigurationList;
			buildConfigurations = (
				72366EC52B10A5D70060F673 /* Debug */,
				72366EC62B10A5D70060F673 /* Release */,
			);
			defaultConfigurationIsVisible = 0;
			defaultConfigurationName = Release;
		};
		72366EC72B10A5D70060F673 /* Build configuration list for PBXNativeTarget "posUITests" */ = {
			isa = XCConfigurationList;
			buildConfigurations = (
				72366EC82B10A5D70060F673 /* Debug */,
				72366EC92B10A5D70060F673 /* Release */,
			);
			defaultConfigurationIsVisible = 0;
			defaultConfigurationName = Release;
		};
/* End XCConfigurationList section */
	};
	rootObject = 72366E922B10A5D50060F673 /* Project object */;
}
