// !$*UTF8*$!
{
	archiveVersion = 1;
	classes = {
	};
	objectVersion = 56;
	objects = {

/* Begin PBXBuildFile section */
		721E954B2CB410ED0007B9C0 /* CartItem.swift in Sources */ = {isa = PBXBuildFile; fileRef = 721E954A2CB410ED0007B9C0 /* CartItem.swift */; };
		721E954D2CB425B10007B9C0 /* CartItemView.swift in Sources */ = {isa = PBXBuildFile; fileRef = 721E954C2CB425A60007B9C0 /* CartItemView.swift */; };
		722922B42BDF445400B65583 /* ItemsManageViewModel.swift in Sources */ = {isa = PBXBuildFile; fileRef = 722922B32BDF445400B65583 /* ItemsManageViewModel.swift */; };
		72366E9E2B10A5D50060F673 /* posApp.swift in Sources */ = {isa = PBXBuildFile; fileRef = 72366E9D2B10A5D50060F673 /* posApp.swift */; };
		72366EA02B10A5D50060F673 /* ContentView.swift in Sources */ = {isa = PBXBuildFile; fileRef = 72366E9F2B10A5D50060F673 /* ContentView.swift */; };
		72366EA42B10A5D70060F673 /* Assets.xcassets in Resources */ = {isa = PBXBuildFile; fileRef = 72366EA32B10A5D70060F673 /* Assets.xcassets */; };
		72366EA82B10A5D70060F673 /* Preview Assets.xcassets in Resources */ = {isa = PBXBuildFile; fileRef = 72366EA72B10A5D70060F673 /* Preview Assets.xcassets */; };
		72366EB22B10A5D70060F673 /* posTests.swift in Sources */ = {isa = PBXBuildFile; fileRef = 72366EB12B10A5D70060F673 /* posTests.swift */; };
		72366EBC2B10A5D70060F673 /* posUITests.swift in Sources */ = {isa = PBXBuildFile; fileRef = 72366EBB2B10A5D70060F673 /* posUITests.swift */; };
		72366EBE2B10A5D70060F673 /* posUITestsLaunchTests.swift in Sources */ = {isa = PBXBuildFile; fileRef = 72366EBD2B10A5D70060F673 /* posUITestsLaunchTests.swift */; };
		723CF5AE2CE8D7C00072F174 /* AWSS3 in Frameworks */ = {isa = PBXBuildFile; productRef = 723CF5AD2CE8D7C00072F174 /* AWSS3 */; };
		723F263D2C96E0CE004079F3 /* DBService.swift in Sources */ = {isa = PBXBuildFile; fileRef = 723F263C2C96E0CE004079F3 /* DBService.swift */; };
		723F263F2C970597004079F3 /* Category.swift in Sources */ = {isa = PBXBuildFile; fileRef = 723F263E2C970597004079F3 /* Category.swift */; };
		723F26412C97D48C004079F3 /* Store.swift in Sources */ = {isa = PBXBuildFile; fileRef = 723F26402C97D48C004079F3 /* Store.swift */; };
		723F26452C97E28E004079F3 /* UserDefaults+Key.swift in Sources */ = {isa = PBXBuildFile; fileRef = 723F26442C97E28E004079F3 /* UserDefaults+Key.swift */; };
		723F26482C994791004079F3 /* ItemManageListView.swift in Sources */ = {isa = PBXBuildFile; fileRef = 723F26472C994791004079F3 /* ItemManageListView.swift */; };
		724208B72C9C01A900FA21FF /* AddItemSheetView.swift in Sources */ = {isa = PBXBuildFile; fileRef = 724208B62C9C019100FA21FF /* AddItemSheetView.swift */; };
		724208B92C9C3FEF00FA21FF /* CategoryManageListView.swift in Sources */ = {isa = PBXBuildFile; fileRef = 724208B82C9C3FEF00FA21FF /* CategoryManageListView.swift */; };
		724208BB2C9C416700FA21FF /* AddCategorySheetView.swift in Sources */ = {isa = PBXBuildFile; fileRef = 724208BA2C9C416700FA21FF /* AddCategorySheetView.swift */; };
		7252339F2B7CB99E0010C182 /* Item.swift in Sources */ = {isa = PBXBuildFile; fileRef = 7252339E2B7CB99E0010C182 /* Item.swift */; };
		725233A12B7CBEB80010C182 /* CheckoutViewModel.swift in Sources */ = {isa = PBXBuildFile; fileRef = 725233A02B7CBEB80010C182 /* CheckoutViewModel.swift */; };
		725233A32B7CC6DE0010C182 /* _FlexibleView.swift in Sources */ = {isa = PBXBuildFile; fileRef = 725233A22B7CC6DE0010C182 /* _FlexibleView.swift */; };
		725233A52B7CC7A00010C182 /* View+ReadSize.swift in Sources */ = {isa = PBXBuildFile; fileRef = 725233A42B7CC7A00010C182 /* View+ReadSize.swift */; };
		725233A72B7CC98B0010C182 /* FlexibleView.swift in Sources */ = {isa = PBXBuildFile; fileRef = 725233A62B7CC98B0010C182 /* FlexibleView.swift */; };
		725233A92B7DA50E0010C182 /* ProductItemView.swift in Sources */ = {isa = PBXBuildFile; fileRef = 725233A82B7DA50E0010C182 /* ProductItemView.swift */; };
		725C701C2CE8E90400D4CBD9 /* ProductImage.swift in Sources */ = {isa = PBXBuildFile; fileRef = 725C701B2CE8E90400D4CBD9 /* ProductImage.swift */; };
		725C701F2CEB6C1100D4CBD9 /* Kingfisher in Frameworks */ = {isa = PBXBuildFile; productRef = 725C701E2CEB6C1100D4CBD9 /* Kingfisher */; };
		7280ADE72CF3246300E3FDF5 /* RouteFinder.swift in Sources */ = {isa = PBXBuildFile; fileRef = 7280ADE62CF3245900E3FDF5 /* RouteFinder.swift */; };
		7280ADE92CF3323C00E3FDF5 /* AppDelegate.swift in Sources */ = {isa = PBXBuildFile; fileRef = 7280ADE82CF3323B00E3FDF5 /* AppDelegate.swift */; };
		7280ADEB2CF3331800E3FDF5 /* NotificationService.swift in Sources */ = {isa = PBXBuildFile; fileRef = 7280ADEA2CF3330C00E3FDF5 /* NotificationService.swift */; };
		7280ADED2CF3399400E3FDF5 /* OrderListView.swift in Sources */ = {isa = PBXBuildFile; fileRef = 7280ADEC2CF3398D00E3FDF5 /* OrderListView.swift */; };
		7280ADEF2CFDF4CD00E3FDF5 /* Order.swift in Sources */ = {isa = PBXBuildFile; fileRef = 7280ADEE2CFDF4C300E3FDF5 /* Order.swift */; };
		7280ADF12CFDFADC00E3FDF5 /* OrderViewModel.swift in Sources */ = {isa = PBXBuildFile; fileRef = 7280ADF02CFDFACD00E3FDF5 /* OrderViewModel.swift */; };
		7280ADF32D01E89600E3FDF5 /* OrderDetailView.swift in Sources */ = {isa = PBXBuildFile; fileRef = 7280ADF22D01E88600E3FDF5 /* OrderDetailView.swift */; };
		7280D9042B145FFF00C38D1E /* Drawer.swift in Sources */ = {isa = PBXBuildFile; fileRef = 7280D9032B145FFF00C38D1E /* Drawer.swift */; };
		7280D9052B145FFF00C38D1E /* Drawer.swift in Sources */ = {isa = PBXBuildFile; fileRef = 7280D9032B145FFF00C38D1E /* Drawer.swift */; };
		7280D9062B145FFF00C38D1E /* Drawer.swift in Sources */ = {isa = PBXBuildFile; fileRef = 7280D9032B145FFF00C38D1E /* Drawer.swift */; };
		7280D9082B14606B00C38D1E /* DrawerOpenedKey.swift in Sources */ = {isa = PBXBuildFile; fileRef = 7280D9072B14606B00C38D1E /* DrawerOpenedKey.swift */; };
		7280D9172B14773000C38D1E /* UserHeader.swift in Sources */ = {isa = PBXBuildFile; fileRef = 7280D90A2B14773000C38D1E /* UserHeader.swift */; };
		7280D9182B14773000C38D1E /* MenuAppearance.swift in Sources */ = {isa = PBXBuildFile; fileRef = 7280D90C2B14773000C38D1E /* MenuAppearance.swift */; };
		7280D9192B14773000C38D1E /* MenuAppearanceEnvironmentKey.swift in Sources */ = {isa = PBXBuildFile; fileRef = 7280D90D2B14773000C38D1E /* MenuAppearanceEnvironmentKey.swift */; };
		7280D91A2B14773000C38D1E /* MenuButtonStyle.swift in Sources */ = {isa = PBXBuildFile; fileRef = 7280D90F2B14773000C38D1E /* MenuButtonStyle.swift */; };
		7280D91B2B14773000C38D1E /* MenuLabelStyle.swift in Sources */ = {isa = PBXBuildFile; fileRef = 7280D9102B14773000C38D1E /* MenuLabelStyle.swift */; };
		7280D91C2B14773000C38D1E /* MenuItemList.swift in Sources */ = {isa = PBXBuildFile; fileRef = 7280D9112B14773000C38D1E /* MenuItemList.swift */; };
		7280D91D2B14773000C38D1E /* MenuItem.swift in Sources */ = {isa = PBXBuildFile; fileRef = 7280D9122B14773000C38D1E /* MenuItem.swift */; };
		7280D91E2B14773000C38D1E /* UserImage.swift in Sources */ = {isa = PBXBuildFile; fileRef = 7280D9132B14773000C38D1E /* UserImage.swift */; };
		7280D91F2B14773000C38D1E /* MenuItemGeometryPreferenceKey.swift in Sources */ = {isa = PBXBuildFile; fileRef = 7280D9142B14773000C38D1E /* MenuItemGeometryPreferenceKey.swift */; };
		7280D9202B14773000C38D1E /* MenuView.swift in Sources */ = {isa = PBXBuildFile; fileRef = 7280D9152B14773000C38D1E /* MenuView.swift */; };
		7280D9212B14773000C38D1E /* MenuBackground.swift in Sources */ = {isa = PBXBuildFile; fileRef = 7280D9162B14773000C38D1E /* MenuBackground.swift */; };
		7280D9322B14774D00C38D1E /* MenuBackgroundTransition.swift in Sources */ = {isa = PBXBuildFile; fileRef = 7280D9242B14774D00C38D1E /* MenuBackgroundTransition.swift */; };
		7280D9332B14774D00C38D1E /* AnchorPreferenceKey.swift in Sources */ = {isa = PBXBuildFile; fileRef = 7280D9262B14774D00C38D1E /* AnchorPreferenceKey.swift */; };
		7280D9342B14774D00C38D1E /* Dimension.swift in Sources */ = {isa = PBXBuildFile; fileRef = 7280D9282B14774D00C38D1E /* Dimension.swift */; };
		7280D9362B14774D00C38D1E /* ColorScheme+Toggle.swift in Sources */ = {isa = PBXBuildFile; fileRef = 7280D92B2B14774D00C38D1E /* ColorScheme+Toggle.swift */; };
		7280D9392B14774D00C38D1E /* Label+MenuItem.swift in Sources */ = {isa = PBXBuildFile; fileRef = 7280D92E2B14774D00C38D1E /* Label+MenuItem.swift */; };
		7280D93A2B14774D00C38D1E /* Binding+Default.swift in Sources */ = {isa = PBXBuildFile; fileRef = 7280D92F2B14774D00C38D1E /* Binding+Default.swift */; };
		7280D93B2B14774D00C38D1E /* TypographyStyle.swift in Sources */ = {isa = PBXBuildFile; fileRef = 7280D9312B14774D00C38D1E /* TypographyStyle.swift */; };
		7280D93E2B14778200C38D1E /* User.swift in Sources */ = {isa = PBXBuildFile; fileRef = 7280D93D2B14778200C38D1E /* User.swift */; };
		7282B5B62CE88FA6007569F7 /* S3Service.swift in Sources */ = {isa = PBXBuildFile; fileRef = 7282B5B52CE88FA0007569F7 /* S3Service.swift */; };
		728A49532BD7B12E00C47FF5 /* ItemsManageView.swift in Sources */ = {isa = PBXBuildFile; fileRef = 728A49522BD7B12E00C47FF5 /* ItemsManageView.swift */; };
		728A49552BD7B4C200C47FF5 /* ItemsSettings.swift in Sources */ = {isa = PBXBuildFile; fileRef = 728A49542BD7B4C100C47FF5 /* ItemsSettings.swift */; };
		728FD8302CCFD11000E58FD1 /* Transaction.swift in Sources */ = {isa = PBXBuildFile; fileRef = 728FD82F2CCFD10B00E58FD1 /* Transaction.swift */; };
		729745402B731BAB0068BAFA /* WelcomeView.swift in Sources */ = {isa = PBXBuildFile; fileRef = 7297453F2B731BAB0068BAFA /* WelcomeView.swift */; };
		729F11272CD5FCE000B80109 /* TransactionItemView.swift in Sources */ = {isa = PBXBuildFile; fileRef = 729F11262CD5FCDC00B80109 /* TransactionItemView.swift */; };
		72B598302B6B8DF8001FEEE8 /* CartView.swift in Sources */ = {isa = PBXBuildFile; fileRef = 72B5982F2B6B8DF8001FEEE8 /* CartView.swift */; };
		72B598322B6B8E1E001FEEE8 /* ItemsView.swift in Sources */ = {isa = PBXBuildFile; fileRef = 72B598312B6B8E1E001FEEE8 /* ItemsView.swift */; };
		72B598392B6F54CD001FEEE8 /* TabBarView.swift in Sources */ = {isa = PBXBuildFile; fileRef = 72B598382B6F54CD001FEEE8 /* TabBarView.swift */; };
		72B5983B2B6F5BEC001FEEE8 /* TabBarItemView.swift in Sources */ = {isa = PBXBuildFile; fileRef = 72B5983A2B6F5BEC001FEEE8 /* TabBarItemView.swift */; };
		72B5983E2B7229F2001FEEE8 /* LoginView.swift in Sources */ = {isa = PBXBuildFile; fileRef = 72B5983D2B7229F2001FEEE8 /* LoginView.swift */; };
		72B598402B722EBC001FEEE8 /* Localizable.xcstrings in Resources */ = {isa = PBXBuildFile; fileRef = 72B5983F2B722EBC001FEEE8 /* Localizable.xcstrings */; };
		72B598492B724A69001FEEE8 /* FirebaseAnalyticsSwift in Frameworks */ = {isa = PBXBuildFile; productRef = 72B598482B724A69001FEEE8 /* FirebaseAnalyticsSwift */; };
		72B5984B2B724A69001FEEE8 /* FirebaseAuth in Frameworks */ = {isa = PBXBuildFile; productRef = 72B5984A2B724A69001FEEE8 /* FirebaseAuth */; };
		72B5984D2B724A69001FEEE8 /* FirebaseCrashlytics in Frameworks */ = {isa = PBXBuildFile; productRef = 72B5984C2B724A69001FEEE8 /* FirebaseCrashlytics */; };
		72B5984F2B724A69001FEEE8 /* FirebaseFirestoreSwift in Frameworks */ = {isa = PBXBuildFile; productRef = 72B5984E2B724A69001FEEE8 /* FirebaseFirestoreSwift */; };
		72BB90452CF219B900B0CB6A /* Config.xcconfig in Resources */ = {isa = PBXBuildFile; fileRef = 72BB90442CF219B900B0CB6A /* Config.xcconfig */; };
		72BB90472CF21C7C00B0CB6A /* Configuration.swift in Sources */ = {isa = PBXBuildFile; fileRef = 72BB90462CF21C7A00B0CB6A /* Configuration.swift */; };
		72BB904A2CF311B800B0CB6A /* OrderView.swift in Sources */ = {isa = PBXBuildFile; fileRef = 72BB90492CF311B300B0CB6A /* OrderView.swift */; };
		72D235782CD128E600D6F061 /* TransactionsListView.swift in Sources */ = {isa = PBXBuildFile; fileRef = 72D235772CD128DC00D6F061 /* TransactionsListView.swift */; };
		72D2357A2CD1294800D6F061 /* TransactionDetailView.swift in Sources */ = {isa = PBXBuildFile; fileRef = 72D235792CD1294000D6F061 /* TransactionDetailView.swift */; };
		72D2357C2CD12E4200D6F061 /* TransactionsViewModel.swift in Sources */ = {isa = PBXBuildFile; fileRef = 72D2357B2CD12E3800D6F061 /* TransactionsViewModel.swift */; };
		72D4CD8B2B7B163C00AF7CBB /* GoogleService-Info.plist in Resources */ = {isa = PBXBuildFile; fileRef = 72D4CD8A2B7B163C00AF7CBB /* GoogleService-Info.plist */; };
		72D4CD8E2B7B608800AF7CBB /* AuthService.swift in Sources */ = {isa = PBXBuildFile; fileRef = 72D4CD8D2B7B608800AF7CBB /* AuthService.swift */; };
		72D4CD922B7C65CB00AF7CBB /* SettingsView.swift in Sources */ = {isa = PBXBuildFile; fileRef = 72D4CD912B7C65CB00AF7CBB /* SettingsView.swift */; };
		72D4CD952B7C6A9900AF7CBB /* GoogleSignInSwift in Frameworks */ = {isa = PBXBuildFile; productRef = 72D4CD942B7C6A9900AF7CBB /* GoogleSignInSwift */; };
		72E652EB2B17A65200444498 /* CheckoutView.swift in Sources */ = {isa = PBXBuildFile; fileRef = 72E652EA2B17A65200444498 /* CheckoutView.swift */; };
		72E652EE2B17A78A00444498 /* TransactionsView.swift in Sources */ = {isa = PBXBuildFile; fileRef = 72E652ED2B17A78A00444498 /* TransactionsView.swift */; };
/* End PBXBuildFile section */

/* Begin PBXContainerItemProxy section */
		72366EAE2B10A5D70060F673 /* PBXContainerItemProxy */ = {
			isa = PBXContainerItemProxy;
			containerPortal = 72366E922B10A5D50060F673 /* Project object */;
			proxyType = 1;
			remoteGlobalIDString = 72366E992B10A5D50060F673;
			remoteInfo = pos;
		};
		72366EB82B10A5D70060F673 /* PBXContainerItemProxy */ = {
			isa = PBXContainerItemProxy;
			containerPortal = 72366E922B10A5D50060F673 /* Project object */;
			proxyType = 1;
			remoteGlobalIDString = 72366E992B10A5D50060F673;
			remoteInfo = pos;
		};
/* End PBXContainerItemProxy section */

/* Begin PBXFileReference section */
		721E954A2CB410ED0007B9C0 /* CartItem.swift */ = {isa = PBXFileReference; lastKnownFileType = sourcecode.swift; path = CartItem.swift; sourceTree = "<group>"; };
		721E954C2CB425A60007B9C0 /* CartItemView.swift */ = {isa = PBXFileReference; lastKnownFileType = sourcecode.swift; path = CartItemView.swift; sourceTree = "<group>"; };
		722922B32BDF445400B65583 /* ItemsManageViewModel.swift */ = {isa = PBXFileReference; lastKnownFileType = sourcecode.swift; path = ItemsManageViewModel.swift; sourceTree = "<group>"; };
		72366E9A2B10A5D50060F673 /* pos.app */ = {isa = PBXFileReference; explicitFileType = wrapper.application; includeInIndex = 0; path = pos.app; sourceTree = BUILT_PRODUCTS_DIR; };
		72366E9D2B10A5D50060F673 /* posApp.swift */ = {isa = PBXFileReference; lastKnownFileType = sourcecode.swift; path = posApp.swift; sourceTree = "<group>"; };
		72366E9F2B10A5D50060F673 /* ContentView.swift */ = {isa = PBXFileReference; lastKnownFileType = sourcecode.swift; path = ContentView.swift; sourceTree = "<group>"; };
		72366EA32B10A5D70060F673 /* Assets.xcassets */ = {isa = PBXFileReference; lastKnownFileType = folder.assetcatalog; path = Assets.xcassets; sourceTree = "<group>"; };
		72366EA52B10A5D70060F673 /* pos.entitlements */ = {isa = PBXFileReference; lastKnownFileType = text.plist.entitlements; path = pos.entitlements; sourceTree = "<group>"; };
		72366EA72B10A5D70060F673 /* Preview Assets.xcassets */ = {isa = PBXFileReference; lastKnownFileType = folder.assetcatalog; path = "Preview Assets.xcassets"; sourceTree = "<group>"; };
		72366EAD2B10A5D70060F673 /* posTests.xctest */ = {isa = PBXFileReference; explicitFileType = wrapper.cfbundle; includeInIndex = 0; path = posTests.xctest; sourceTree = BUILT_PRODUCTS_DIR; };
		72366EB12B10A5D70060F673 /* posTests.swift */ = {isa = PBXFileReference; lastKnownFileType = sourcecode.swift; path = posTests.swift; sourceTree = "<group>"; };
		72366EB72B10A5D70060F673 /* posUITests.xctest */ = {isa = PBXFileReference; explicitFileType = wrapper.cfbundle; includeInIndex = 0; path = posUITests.xctest; sourceTree = BUILT_PRODUCTS_DIR; };
		72366EBB2B10A5D70060F673 /* posUITests.swift */ = {isa = PBXFileReference; lastKnownFileType = sourcecode.swift; path = posUITests.swift; sourceTree = "<group>"; };
		72366EBD2B10A5D70060F673 /* posUITestsLaunchTests.swift */ = {isa = PBXFileReference; lastKnownFileType = sourcecode.swift; path = posUITestsLaunchTests.swift; sourceTree = "<group>"; };
		723F263C2C96E0CE004079F3 /* DBService.swift */ = {isa = PBXFileReference; lastKnownFileType = sourcecode.swift; path = DBService.swift; sourceTree = "<group>"; };
		723F263E2C970597004079F3 /* Category.swift */ = {isa = PBXFileReference; lastKnownFileType = sourcecode.swift; path = Category.swift; sourceTree = "<group>"; };
		723F26402C97D48C004079F3 /* Store.swift */ = {isa = PBXFileReference; lastKnownFileType = sourcecode.swift; path = Store.swift; sourceTree = "<group>"; };
		723F26442C97E28E004079F3 /* UserDefaults+Key.swift */ = {isa = PBXFileReference; lastKnownFileType = sourcecode.swift; path = "UserDefaults+Key.swift"; sourceTree = "<group>"; };
		723F26472C994791004079F3 /* ItemManageListView.swift */ = {isa = PBXFileReference; lastKnownFileType = sourcecode.swift; path = ItemManageListView.swift; sourceTree = "<group>"; };
		724208B62C9C019100FA21FF /* AddItemSheetView.swift */ = {isa = PBXFileReference; lastKnownFileType = sourcecode.swift; path = AddItemSheetView.swift; sourceTree = "<group>"; };
		724208B82C9C3FEF00FA21FF /* CategoryManageListView.swift */ = {isa = PBXFileReference; lastKnownFileType = sourcecode.swift; path = CategoryManageListView.swift; sourceTree = "<group>"; };
		724208BA2C9C416700FA21FF /* AddCategorySheetView.swift */ = {isa = PBXFileReference; lastKnownFileType = sourcecode.swift; path = AddCategorySheetView.swift; sourceTree = "<group>"; };
		7252339E2B7CB99E0010C182 /* Item.swift */ = {isa = PBXFileReference; lastKnownFileType = sourcecode.swift; path = Item.swift; sourceTree = "<group>"; };
		725233A02B7CBEB80010C182 /* CheckoutViewModel.swift */ = {isa = PBXFileReference; lastKnownFileType = sourcecode.swift; path = CheckoutViewModel.swift; sourceTree = "<group>"; };
		725233A22B7CC6DE0010C182 /* _FlexibleView.swift */ = {isa = PBXFileReference; lastKnownFileType = sourcecode.swift; path = _FlexibleView.swift; sourceTree = "<group>"; };
		725233A42B7CC7A00010C182 /* View+ReadSize.swift */ = {isa = PBXFileReference; lastKnownFileType = sourcecode.swift; path = "View+ReadSize.swift"; sourceTree = "<group>"; };
		725233A62B7CC98B0010C182 /* FlexibleView.swift */ = {isa = PBXFileReference; lastKnownFileType = sourcecode.swift; path = FlexibleView.swift; sourceTree = "<group>"; };
		725233A82B7DA50E0010C182 /* ProductItemView.swift */ = {isa = PBXFileReference; lastKnownFileType = sourcecode.swift; path = ProductItemView.swift; sourceTree = "<group>"; };
		725C701B2CE8E90400D4CBD9 /* ProductImage.swift */ = {isa = PBXFileReference; lastKnownFileType = sourcecode.swift; path = ProductImage.swift; sourceTree = "<group>"; };
		7280ADE62CF3245900E3FDF5 /* RouteFinder.swift */ = {isa = PBXFileReference; lastKnownFileType = sourcecode.swift; path = RouteFinder.swift; sourceTree = "<group>"; };
		7280ADE82CF3323B00E3FDF5 /* AppDelegate.swift */ = {isa = PBXFileReference; lastKnownFileType = sourcecode.swift; path = AppDelegate.swift; sourceTree = "<group>"; };
		7280ADEA2CF3330C00E3FDF5 /* NotificationService.swift */ = {isa = PBXFileReference; lastKnownFileType = sourcecode.swift; path = NotificationService.swift; sourceTree = "<group>"; };
		7280ADEC2CF3398D00E3FDF5 /* OrderListView.swift */ = {isa = PBXFileReference; lastKnownFileType = sourcecode.swift; path = OrderListView.swift; sourceTree = "<group>"; };
		7280ADEE2CFDF4C300E3FDF5 /* Order.swift */ = {isa = PBXFileReference; lastKnownFileType = sourcecode.swift; path = Order.swift; sourceTree = "<group>"; };
		7280ADF02CFDFACD00E3FDF5 /* OrderViewModel.swift */ = {isa = PBXFileReference; lastKnownFileType = sourcecode.swift; path = OrderViewModel.swift; sourceTree = "<group>"; };
		7280ADF22D01E88600E3FDF5 /* OrderDetailView.swift */ = {isa = PBXFileReference; lastKnownFileType = sourcecode.swift; path = OrderDetailView.swift; sourceTree = "<group>"; };
		7280D9032B145FFF00C38D1E /* Drawer.swift */ = {isa = PBXFileReference; lastKnownFileType = sourcecode.swift; path = Drawer.swift; sourceTree = "<group>"; };
		7280D9072B14606B00C38D1E /* DrawerOpenedKey.swift */ = {isa = PBXFileReference; lastKnownFileType = sourcecode.swift; path = DrawerOpenedKey.swift; sourceTree = "<group>"; };
		7280D90A2B14773000C38D1E /* UserHeader.swift */ = {isa = PBXFileReference; fileEncoding = 4; lastKnownFileType = sourcecode.swift; path = UserHeader.swift; sourceTree = "<group>"; };
		7280D90C2B14773000C38D1E /* MenuAppearance.swift */ = {isa = PBXFileReference; fileEncoding = 4; lastKnownFileType = sourcecode.swift; path = MenuAppearance.swift; sourceTree = "<group>"; };
		7280D90D2B14773000C38D1E /* MenuAppearanceEnvironmentKey.swift */ = {isa = PBXFileReference; fileEncoding = 4; lastKnownFileType = sourcecode.swift; path = MenuAppearanceEnvironmentKey.swift; sourceTree = "<group>"; };
		7280D90F2B14773000C38D1E /* MenuButtonStyle.swift */ = {isa = PBXFileReference; fileEncoding = 4; lastKnownFileType = sourcecode.swift; path = MenuButtonStyle.swift; sourceTree = "<group>"; };
		7280D9102B14773000C38D1E /* MenuLabelStyle.swift */ = {isa = PBXFileReference; fileEncoding = 4; lastKnownFileType = sourcecode.swift; path = MenuLabelStyle.swift; sourceTree = "<group>"; };
		7280D9112B14773000C38D1E /* MenuItemList.swift */ = {isa = PBXFileReference; fileEncoding = 4; lastKnownFileType = sourcecode.swift; path = MenuItemList.swift; sourceTree = "<group>"; };
		7280D9122B14773000C38D1E /* MenuItem.swift */ = {isa = PBXFileReference; fileEncoding = 4; lastKnownFileType = sourcecode.swift; path = MenuItem.swift; sourceTree = "<group>"; };
		7280D9132B14773000C38D1E /* UserImage.swift */ = {isa = PBXFileReference; fileEncoding = 4; lastKnownFileType = sourcecode.swift; path = UserImage.swift; sourceTree = "<group>"; };
		7280D9142B14773000C38D1E /* MenuItemGeometryPreferenceKey.swift */ = {isa = PBXFileReference; fileEncoding = 4; lastKnownFileType = sourcecode.swift; path = MenuItemGeometryPreferenceKey.swift; sourceTree = "<group>"; };
		7280D9152B14773000C38D1E /* MenuView.swift */ = {isa = PBXFileReference; fileEncoding = 4; lastKnownFileType = sourcecode.swift; path = MenuView.swift; sourceTree = "<group>"; };
		7280D9162B14773000C38D1E /* MenuBackground.swift */ = {isa = PBXFileReference; fileEncoding = 4; lastKnownFileType = sourcecode.swift; path = MenuBackground.swift; sourceTree = "<group>"; };
		7280D9242B14774D00C38D1E /* MenuBackgroundTransition.swift */ = {isa = PBXFileReference; fileEncoding = 4; lastKnownFileType = sourcecode.swift; path = MenuBackgroundTransition.swift; sourceTree = "<group>"; };
		7280D9262B14774D00C38D1E /* AnchorPreferenceKey.swift */ = {isa = PBXFileReference; fileEncoding = 4; lastKnownFileType = sourcecode.swift; path = AnchorPreferenceKey.swift; sourceTree = "<group>"; };
		7280D9282B14774D00C38D1E /* Dimension.swift */ = {isa = PBXFileReference; fileEncoding = 4; lastKnownFileType = sourcecode.swift; path = Dimension.swift; sourceTree = "<group>"; };
		7280D92B2B14774D00C38D1E /* ColorScheme+Toggle.swift */ = {isa = PBXFileReference; fileEncoding = 4; lastKnownFileType = sourcecode.swift; path = "ColorScheme+Toggle.swift"; sourceTree = "<group>"; };
		7280D92E2B14774D00C38D1E /* Label+MenuItem.swift */ = {isa = PBXFileReference; fileEncoding = 4; lastKnownFileType = sourcecode.swift; path = "Label+MenuItem.swift"; sourceTree = "<group>"; };
		7280D92F2B14774D00C38D1E /* Binding+Default.swift */ = {isa = PBXFileReference; fileEncoding = 4; lastKnownFileType = sourcecode.swift; path = "Binding+Default.swift"; sourceTree = "<group>"; };
		7280D9312B14774D00C38D1E /* TypographyStyle.swift */ = {isa = PBXFileReference; fileEncoding = 4; lastKnownFileType = sourcecode.swift; path = TypographyStyle.swift; sourceTree = "<group>"; };
		7280D93D2B14778200C38D1E /* User.swift */ = {isa = PBXFileReference; fileEncoding = 4; lastKnownFileType = sourcecode.swift; path = User.swift; sourceTree = "<group>"; };
		7282B5B52CE88FA0007569F7 /* S3Service.swift */ = {isa = PBXFileReference; lastKnownFileType = sourcecode.swift; path = S3Service.swift; sourceTree = "<group>"; };
		728A49522BD7B12E00C47FF5 /* ItemsManageView.swift */ = {isa = PBXFileReference; lastKnownFileType = sourcecode.swift; path = ItemsManageView.swift; sourceTree = "<group>"; };
		728A49542BD7B4C100C47FF5 /* ItemsSettings.swift */ = {isa = PBXFileReference; lastKnownFileType = sourcecode.swift; path = ItemsSettings.swift; sourceTree = "<group>"; };
		728FD82F2CCFD10B00E58FD1 /* Transaction.swift */ = {isa = PBXFileReference; lastKnownFileType = sourcecode.swift; path = Transaction.swift; sourceTree = "<group>"; };
		7297453F2B731BAB0068BAFA /* WelcomeView.swift */ = {isa = PBXFileReference; lastKnownFileType = sourcecode.swift; path = WelcomeView.swift; sourceTree = "<group>"; };
		729F11262CD5FCDC00B80109 /* TransactionItemView.swift */ = {isa = PBXFileReference; lastKnownFileType = sourcecode.swift; path = TransactionItemView.swift; sourceTree = "<group>"; };
		72B5982F2B6B8DF8001FEEE8 /* CartView.swift */ = {isa = PBXFileReference; lastKnownFileType = sourcecode.swift; path = CartView.swift; sourceTree = "<group>"; };
		72B598312B6B8E1E001FEEE8 /* ItemsView.swift */ = {isa = PBXFileReference; lastKnownFileType = sourcecode.swift; path = ItemsView.swift; sourceTree = "<group>"; };
		72B598382B6F54CD001FEEE8 /* TabBarView.swift */ = {isa = PBXFileReference; lastKnownFileType = sourcecode.swift; path = TabBarView.swift; sourceTree = "<group>"; };
		72B5983A2B6F5BEC001FEEE8 /* TabBarItemView.swift */ = {isa = PBXFileReference; lastKnownFileType = sourcecode.swift; path = TabBarItemView.swift; sourceTree = "<group>"; };
		72B5983D2B7229F2001FEEE8 /* LoginView.swift */ = {isa = PBXFileReference; lastKnownFileType = sourcecode.swift; path = LoginView.swift; sourceTree = "<group>"; };
		72B5983F2B722EBC001FEEE8 /* Localizable.xcstrings */ = {isa = PBXFileReference; lastKnownFileType = text.json.xcstrings; path = Localizable.xcstrings; sourceTree = "<group>"; };
		72BB90442CF219B900B0CB6A /* Config.xcconfig */ = {isa = PBXFileReference; lastKnownFileType = text.xcconfig; name = Config.xcconfig; path = pos/Config.xcconfig; sourceTree = SOURCE_ROOT; };
		72BB90462CF21C7A00B0CB6A /* Configuration.swift */ = {isa = PBXFileReference; lastKnownFileType = sourcecode.swift; path = Configuration.swift; sourceTree = "<group>"; };
		72BB90492CF311B300B0CB6A /* OrderView.swift */ = {isa = PBXFileReference; lastKnownFileType = sourcecode.swift; path = OrderView.swift; sourceTree = "<group>"; };
		72D235772CD128DC00D6F061 /* TransactionsListView.swift */ = {isa = PBXFileReference; lastKnownFileType = sourcecode.swift; path = TransactionsListView.swift; sourceTree = "<group>"; };
		72D235792CD1294000D6F061 /* TransactionDetailView.swift */ = {isa = PBXFileReference; lastKnownFileType = sourcecode.swift; path = TransactionDetailView.swift; sourceTree = "<group>"; };
		72D2357B2CD12E3800D6F061 /* TransactionsViewModel.swift */ = {isa = PBXFileReference; lastKnownFileType = sourcecode.swift; path = TransactionsViewModel.swift; sourceTree = "<group>"; };
		72D4CD8A2B7B163C00AF7CBB /* GoogleService-Info.plist */ = {isa = PBXFileReference; fileEncoding = 4; lastKnownFileType = text.plist.xml; path = "GoogleService-Info.plist"; sourceTree = "<group>"; };
		72D4CD8D2B7B608800AF7CBB /* AuthService.swift */ = {isa = PBXFileReference; lastKnownFileType = sourcecode.swift; path = AuthService.swift; sourceTree = "<group>"; };
		72D4CD912B7C65CB00AF7CBB /* SettingsView.swift */ = {isa = PBXFileReference; lastKnownFileType = sourcecode.swift; path = SettingsView.swift; sourceTree = "<group>"; };
		72E652EA2B17A65200444498 /* CheckoutView.swift */ = {isa = PBXFileReference; lastKnownFileType = sourcecode.swift; path = CheckoutView.swift; sourceTree = "<group>"; };
		72E652ED2B17A78A00444498 /* TransactionsView.swift */ = {isa = PBXFileReference; lastKnownFileType = sourcecode.swift; path = TransactionsView.swift; sourceTree = "<group>"; };
/* End PBXFileReference section */

/* Begin PBXFrameworksBuildPhase section */
		72366E972B10A5D50060F673 /* Frameworks */ = {
			isa = PBXFrameworksBuildPhase;
			buildActionMask = 2147483647;
			files = (
				723CF5AE2CE8D7C00072F174 /* AWSS3 in Frameworks */,
				72D4CD952B7C6A9900AF7CBB /* GoogleSignInSwift in Frameworks */,
				725C701F2CEB6C1100D4CBD9 /* Kingfisher in Frameworks */,
				72B5984D2B724A69001FEEE8 /* FirebaseCrashlytics in Frameworks */,
				72B598492B724A69001FEEE8 /* FirebaseAnalyticsSwift in Frameworks */,
				72B5984B2B724A69001FEEE8 /* FirebaseAuth in Frameworks */,
				72B5984F2B724A69001FEEE8 /* FirebaseFirestoreSwift in Frameworks */,
			);
			runOnlyForDeploymentPostprocessing = 0;
		};
		72366EAA2B10A5D70060F673 /* Frameworks */ = {
			isa = PBXFrameworksBuildPhase;
			buildActionMask = 2147483647;
			files = (
			);
			runOnlyForDeploymentPostprocessing = 0;
		};
		72366EB42B10A5D70060F673 /* Frameworks */ = {
			isa = PBXFrameworksBuildPhase;
			buildActionMask = 2147483647;
			files = (
			);
			runOnlyForDeploymentPostprocessing = 0;
		};
/* End PBXFrameworksBuildPhase section */

/* Begin PBXGroup section */
		72366E912B10A5D50060F673 = {
			isa = PBXGroup;
			children = (
				72366E9C2B10A5D50060F673 /* pos */,
				72366EB02B10A5D70060F673 /* posTests */,
				72366EBA2B10A5D70060F673 /* posUITests */,
				72366E9B2B10A5D50060F673 /* Products */,
			);
			sourceTree = "<group>";
		};
		72366E9B2B10A5D50060F673 /* Products */ = {
			isa = PBXGroup;
			children = (
				72366E9A2B10A5D50060F673 /* pos.app */,
				72366EAD2B10A5D70060F673 /* posTests.xctest */,
				72366EB72B10A5D70060F673 /* posUITests.xctest */,
			);
			name = Products;
			sourceTree = "<group>";
		};
		72366E9C2B10A5D50060F673 /* pos */ = {
			isa = PBXGroup;
			children = (
				7280D8FB2B143BFD00C38D1E /* Classes */,
				72366E9D2B10A5D50060F673 /* posApp.swift */,
				72BB90442CF219B900B0CB6A /* Config.xcconfig */,
				72B5983F2B722EBC001FEEE8 /* Localizable.xcstrings */,
				72366EA32B10A5D70060F673 /* Assets.xcassets */,
				72366EA52B10A5D70060F673 /* pos.entitlements */,
				72D4CD8A2B7B163C00AF7CBB /* GoogleService-Info.plist */,
				72366EA62B10A5D70060F673 /* Preview Content */,
			);
			path = pos;
			sourceTree = "<group>";
		};
		72366EA62B10A5D70060F673 /* Preview Content */ = {
			isa = PBXGroup;
			children = (
				72366EA72B10A5D70060F673 /* Preview Assets.xcassets */,
			);
			path = "Preview Content";
			sourceTree = "<group>";
		};
		72366EB02B10A5D70060F673 /* posTests */ = {
			isa = PBXGroup;
			children = (
				72366EB12B10A5D70060F673 /* posTests.swift */,
			);
			path = posTests;
			sourceTree = "<group>";
		};
		72366EBA2B10A5D70060F673 /* posUITests */ = {
			isa = PBXGroup;
			children = (
				72366EBB2B10A5D70060F673 /* posUITests.swift */,
				72366EBD2B10A5D70060F673 /* posUITestsLaunchTests.swift */,
			);
			path = posUITests;
			sourceTree = "<group>";
		};
		723F263B2C96E086004079F3 /* Services */ = {
			isa = PBXGroup;
			children = (
				7280ADEA2CF3330C00E3FDF5 /* NotificationService.swift */,
				7282B5B52CE88FA0007569F7 /* S3Service.swift */,
				723F263C2C96E0CE004079F3 /* DBService.swift */,
				72D4CD8D2B7B608800AF7CBB /* AuthService.swift */,
			);
			path = Services;
			sourceTree = "<group>";
		};
		723F26462C99476E004079F3 /* SubViews */ = {
			isa = PBXGroup;
			children = (
				725C701B2CE8E90400D4CBD9 /* ProductImage.swift */,
				723F26472C994791004079F3 /* ItemManageListView.swift */,
				724208B62C9C019100FA21FF /* AddItemSheetView.swift */,
				724208B82C9C3FEF00FA21FF /* CategoryManageListView.swift */,
				724208BA2C9C416700FA21FF /* AddCategorySheetView.swift */,
			);
			path = SubViews;
			sourceTree = "<group>";
		};
		7280D8FB2B143BFD00C38D1E /* Classes */ = {
			isa = PBXGroup;
			children = (
				7280D8FC2B143C1000C38D1E /* Views */,
				7280D93C2B14778200C38D1E /* Models */,
				723F263B2C96E086004079F3 /* Services */,
				7280D9222B14774D00C38D1E /* Misc */,
				7280ADE62CF3245900E3FDF5 /* RouteFinder.swift */,
				7280ADE82CF3323B00E3FDF5 /* AppDelegate.swift */,
			);
			path = Classes;
			sourceTree = "<group>";
		};
		7280D8FC2B143C1000C38D1E /* Views */ = {
			isa = PBXGroup;
			children = (
				7297453E2B731B280068BAFA /* Welcome */,
				72B5983C2B7229CB001FEEE8 /* Login */,
				72E652E92B17A45900444498 /* Checkout */,
				728A49512BD7B0F500C47FF5 /* Items */,
				72BB90482CF3118800B0CB6A /* Order */,
				72E652EC2B17A77400444498 /* Transactions */,
				72D4CD902B7C654F00AF7CBB /* Settings */,
				7280D9022B145FC600C38D1E /* Navagation */,
				72366E9F2B10A5D50060F673 /* ContentView.swift */,
			);
			path = Views;
			sourceTree = "<group>";
		};
		7280D8FD2B14402700C38D1E /* Drawer */ = {
			isa = PBXGroup;
			children = (
				7280D9032B145FFF00C38D1E /* Drawer.swift */,
				7280D9072B14606B00C38D1E /* DrawerOpenedKey.swift */,
			);
			path = Drawer;
			sourceTree = "<group>";
		};
		7280D9022B145FC600C38D1E /* Navagation */ = {
			isa = PBXGroup;
			children = (
				7280D8FD2B14402700C38D1E /* Drawer */,
				7280D9092B14773000C38D1E /* Menu */,
			);
			path = Navagation;
			sourceTree = "<group>";
		};
		7280D9092B14773000C38D1E /* Menu */ = {
			isa = PBXGroup;
			children = (
				7280D90E2B14773000C38D1E /* Style */,
				7280D90B2B14773000C38D1E /* Appearance */,
				7280D90A2B14773000C38D1E /* UserHeader.swift */,
				7280D9132B14773000C38D1E /* UserImage.swift */,
				7280D9112B14773000C38D1E /* MenuItemList.swift */,
				7280D9122B14773000C38D1E /* MenuItem.swift */,
				7280D9142B14773000C38D1E /* MenuItemGeometryPreferenceKey.swift */,
				7280D9162B14773000C38D1E /* MenuBackground.swift */,
				7280D9152B14773000C38D1E /* MenuView.swift */,
			);
			path = Menu;
			sourceTree = "<group>";
		};
		7280D90B2B14773000C38D1E /* Appearance */ = {
			isa = PBXGroup;
			children = (
				7280D90C2B14773000C38D1E /* MenuAppearance.swift */,
				7280D90D2B14773000C38D1E /* MenuAppearanceEnvironmentKey.swift */,
			);
			path = Appearance;
			sourceTree = "<group>";
		};
		7280D90E2B14773000C38D1E /* Style */ = {
			isa = PBXGroup;
			children = (
				7280D90F2B14773000C38D1E /* MenuButtonStyle.swift */,
				7280D9102B14773000C38D1E /* MenuLabelStyle.swift */,
			);
			path = Style;
			sourceTree = "<group>";
		};
		7280D9222B14774D00C38D1E /* Misc */ = {
			isa = PBXGroup;
			children = (
				72BB90462CF21C7A00B0CB6A /* Configuration.swift */,
				7280D9232B14774D00C38D1E /* Transition */,
				7280D9252B14774D00C38D1E /* Preferences */,
				7280D9272B14774D00C38D1E /* Layout */,
				7280D9292B14774D00C38D1E /* Extensions */,
				7280D9302B14774D00C38D1E /* Typography */,
			);
			path = Misc;
			sourceTree = "<group>";
		};
		7280D9232B14774D00C38D1E /* Transition */ = {
			isa = PBXGroup;
			children = (
				7280D9242B14774D00C38D1E /* MenuBackgroundTransition.swift */,
			);
			path = Transition;
			sourceTree = "<group>";
		};
		7280D9252B14774D00C38D1E /* Preferences */ = {
			isa = PBXGroup;
			children = (
				7280D9262B14774D00C38D1E /* AnchorPreferenceKey.swift */,
			);
			path = Preferences;
			sourceTree = "<group>";
		};
		7280D9272B14774D00C38D1E /* Layout */ = {
			isa = PBXGroup;
			children = (
				7280D9282B14774D00C38D1E /* Dimension.swift */,
				725233A62B7CC98B0010C182 /* FlexibleView.swift */,
				725233A22B7CC6DE0010C182 /* _FlexibleView.swift */,
			);
			path = Layout;
			sourceTree = "<group>";
		};
		7280D9292B14774D00C38D1E /* Extensions */ = {
			isa = PBXGroup;
			children = (
				7280D92B2B14774D00C38D1E /* ColorScheme+Toggle.swift */,
				7280D92E2B14774D00C38D1E /* Label+MenuItem.swift */,
				7280D92F2B14774D00C38D1E /* Binding+Default.swift */,
				725233A42B7CC7A00010C182 /* View+ReadSize.swift */,
				723F26442C97E28E004079F3 /* UserDefaults+Key.swift */,
			);
			path = Extensions;
			sourceTree = "<group>";
		};
		7280D9302B14774D00C38D1E /* Typography */ = {
			isa = PBXGroup;
			children = (
				7280D9312B14774D00C38D1E /* TypographyStyle.swift */,
			);
			path = Typography;
			sourceTree = "<group>";
		};
		7280D93C2B14778200C38D1E /* Models */ = {
			isa = PBXGroup;
			children = (
				7280ADEE2CFDF4C300E3FDF5 /* Order.swift */,
				728FD82F2CCFD10B00E58FD1 /* Transaction.swift */,
				7280D93D2B14778200C38D1E /* User.swift */,
				7252339E2B7CB99E0010C182 /* Item.swift */,
				723F263E2C970597004079F3 /* Category.swift */,
				723F26402C97D48C004079F3 /* Store.swift */,
				721E954A2CB410ED0007B9C0 /* CartItem.swift */,
			);
			path = Models;
			sourceTree = "<group>";
		};
		728A49512BD7B0F500C47FF5 /* Items */ = {
			isa = PBXGroup;
			children = (
				723F26462C99476E004079F3 /* SubViews */,
				728A49522BD7B12E00C47FF5 /* ItemsManageView.swift */,
				722922B32BDF445400B65583 /* ItemsManageViewModel.swift */,
				728A49542BD7B4C100C47FF5 /* ItemsSettings.swift */,
			);
			path = Items;
			sourceTree = "<group>";
		};
		7297453E2B731B280068BAFA /* Welcome */ = {
			isa = PBXGroup;
			children = (
				7297453F2B731BAB0068BAFA /* WelcomeView.swift */,
			);
			path = Welcome;
			sourceTree = "<group>";
		};
		72B5983C2B7229CB001FEEE8 /* Login */ = {
			isa = PBXGroup;
			children = (
				72B5983D2B7229F2001FEEE8 /* LoginView.swift */,
			);
			path = Login;
			sourceTree = "<group>";
		};
		72BB90482CF3118800B0CB6A /* Order */ = {
			isa = PBXGroup;
			children = (
				72BB90492CF311B300B0CB6A /* OrderView.swift */,
				7280ADF02CFDFACD00E3FDF5 /* OrderViewModel.swift */,
				7280ADEC2CF3398D00E3FDF5 /* OrderListView.swift */,
				7280ADF22D01E88600E3FDF5 /* OrderDetailView.swift */,
			);
			path = Order;
			sourceTree = "<group>";
		};
		72D4CD902B7C654F00AF7CBB /* Settings */ = {
			isa = PBXGroup;
			children = (
				72D4CD912B7C65CB00AF7CBB /* SettingsView.swift */,
			);
			path = Settings;
			sourceTree = "<group>";
		};
		72E652E92B17A45900444498 /* Checkout */ = {
			isa = PBXGroup;
			children = (
				72E652EA2B17A65200444498 /* CheckoutView.swift */,
				725233A02B7CBEB80010C182 /* CheckoutViewModel.swift */,
				72B5982F2B6B8DF8001FEEE8 /* CartView.swift */,
				721E954C2CB425A60007B9C0 /* CartItemView.swift */,
				72B598312B6B8E1E001FEEE8 /* ItemsView.swift */,
				72B598382B6F54CD001FEEE8 /* TabBarView.swift */,
				72B5983A2B6F5BEC001FEEE8 /* TabBarItemView.swift */,
				725233A82B7DA50E0010C182 /* ProductItemView.swift */,
			);
			path = Checkout;
			sourceTree = "<group>";
		};
		72E652EC2B17A77400444498 /* Transactions */ = {
			isa = PBXGroup;
			children = (
				72E652ED2B17A78A00444498 /* TransactionsView.swift */,
				72D2357B2CD12E3800D6F061 /* TransactionsViewModel.swift */,
				72D235772CD128DC00D6F061 /* TransactionsListView.swift */,
				72D235792CD1294000D6F061 /* TransactionDetailView.swift */,
				729F11262CD5FCDC00B80109 /* TransactionItemView.swift */,
			);
			path = Transactions;
			sourceTree = "<group>";
		};
/* End PBXGroup section */

/* Begin PBXNativeTarget section */
		72366E992B10A5D50060F673 /* pos */ = {
			isa = PBXNativeTarget;
			buildConfigurationList = 72366EC12B10A5D70060F673 /* Build configuration list for PBXNativeTarget "pos" */;
			buildPhases = (
				72366E962B10A5D50060F673 /* Sources */,
				72366E972B10A5D50060F673 /* Frameworks */,
				72366E982B10A5D50060F673 /* Resources */,
				72D4CD8F2B7C5F5000AF7CBB /* ShellScript */,
			);
			buildRules = (
			);
			dependencies = (
			);
			name = pos;
			packageProductDependencies = (
				72B598482B724A69001FEEE8 /* FirebaseAnalyticsSwift */,
				72B5984A2B724A69001FEEE8 /* FirebaseAuth */,
				72B5984C2B724A69001FEEE8 /* FirebaseCrashlytics */,
				72B5984E2B724A69001FEEE8 /* FirebaseFirestoreSwift */,
				72D4CD942B7C6A9900AF7CBB /* GoogleSignInSwift */,
				723CF5AD2CE8D7C00072F174 /* AWSS3 */,
				725C701E2CEB6C1100D4CBD9 /* Kingfisher */,
			);
			productName = pos;
			productReference = 72366E9A2B10A5D50060F673 /* pos.app */;
			productType = "com.apple.product-type.application";
		};
		72366EAC2B10A5D70060F673 /* posTests */ = {
			isa = PBXNativeTarget;
			buildConfigurationList = 72366EC42B10A5D70060F673 /* Build configuration list for PBXNativeTarget "posTests" */;
			buildPhases = (
				72366EA92B10A5D70060F673 /* Sources */,
				72366EAA2B10A5D70060F673 /* Frameworks */,
				72366EAB2B10A5D70060F673 /* Resources */,
			);
			buildRules = (
			);
			dependencies = (
				72366EAF2B10A5D70060F673 /* PBXTargetDependency */,
			);
			name = posTests;
			productName = posTests;
			productReference = 72366EAD2B10A5D70060F673 /* posTests.xctest */;
			productType = "com.apple.product-type.bundle.unit-test";
		};
		72366EB62B10A5D70060F673 /* posUITests */ = {
			isa = PBXNativeTarget;
			buildConfigurationList = 72366EC72B10A5D70060F673 /* Build configuration list for PBXNativeTarget "posUITests" */;
			buildPhases = (
				72366EB32B10A5D70060F673 /* Sources */,
				72366EB42B10A5D70060F673 /* Frameworks */,
				72366EB52B10A5D70060F673 /* Resources */,
			);
			buildRules = (
			);
			dependencies = (
				72366EB92B10A5D70060F673 /* PBXTargetDependency */,
			);
			name = posUITests;
			productName = posUITests;
			productReference = 72366EB72B10A5D70060F673 /* posUITests.xctest */;
			productType = "com.apple.product-type.bundle.ui-testing";
		};
/* End PBXNativeTarget section */

/* Begin PBXProject section */
		72366E922B10A5D50060F673 /* Project object */ = {
			isa = PBXProject;
			attributes = {
				BuildIndependentTargetsInParallel = 1;
				LastSwiftUpdateCheck = 1500;
				LastUpgradeCheck = 1520;
				TargetAttributes = {
					72366E992B10A5D50060F673 = {
						CreatedOnToolsVersion = 15.0.1;
					};
					72366EAC2B10A5D70060F673 = {
						CreatedOnToolsVersion = 15.0.1;
						TestTargetID = 72366E992B10A5D50060F673;
					};
					72366EB62B10A5D70060F673 = {
						CreatedOnToolsVersion = 15.0.1;
						TestTargetID = 72366E992B10A5D50060F673;
					};
				};
			};
			buildConfigurationList = 72366E952B10A5D50060F673 /* Build configuration list for PBXProject "pos" */;
			compatibilityVersion = "Xcode 14.0";
			developmentRegion = "zh-Hant";
			hasScannedForEncodings = 0;
			knownRegions = (
				en,
				Base,
				"zh-Hant",
			);
			mainGroup = 72366E912B10A5D50060F673;
			packageReferences = (
				72B598472B724A69001FEEE8 /* XCRemoteSwiftPackageReference "firebase-ios-sdk" */,
				72D4CD932B7C6A9900AF7CBB /* XCRemoteSwiftPackageReference "GoogleSignIn-iOS" */,
				723CF5AC2CE8D7C00072F174 /* XCRemoteSwiftPackageReference "aws-sdk-swift" */,
				725C701D2CEB6C1100D4CBD9 /* XCRemoteSwiftPackageReference "Kingfisher" */,
			);
			productRefGroup = 72366E9B2B10A5D50060F673 /* Products */;
			projectDirPath = "";
			projectRoot = "";
			targets = (
				72366E992B10A5D50060F673 /* pos */,
				72366EAC2B10A5D70060F673 /* posTests */,
				72366EB62B10A5D70060F673 /* posUITests */,
			);
		};
/* End PBXProject section */

/* Begin PBXResourcesBuildPhase section */
		72366E982B10A5D50060F673 /* Resources */ = {
			isa = PBXResourcesBuildPhase;
			buildActionMask = 2147483647;
			files = (
				72366EA82B10A5D70060F673 /* Preview Assets.xcassets in Resources */,
				72BB90452CF219B900B0CB6A /* Config.xcconfig in Resources */,
				72D4CD8B2B7B163C00AF7CBB /* GoogleService-Info.plist in Resources */,
				72366EA42B10A5D70060F673 /* Assets.xcassets in Resources */,
				72B598402B722EBC001FEEE8 /* Localizable.xcstrings in Resources */,
			);
			runOnlyForDeploymentPostprocessing = 0;
		};
		72366EAB2B10A5D70060F673 /* Resources */ = {
			isa = PBXResourcesBuildPhase;
			buildActionMask = 2147483647;
			files = (
			);
			runOnlyForDeploymentPostprocessing = 0;
		};
		72366EB52B10A5D70060F673 /* Resources */ = {
			isa = PBXResourcesBuildPhase;
			buildActionMask = 2147483647;
			files = (
			);
			runOnlyForDeploymentPostprocessing = 0;
		};
/* End PBXResourcesBuildPhase section */

/* Begin PBXShellScriptBuildPhase section */
		72D4CD8F2B7C5F5000AF7CBB /* ShellScript */ = {
			isa = PBXShellScriptBuildPhase;
			buildActionMask = 2147483647;
			files = (
			);
			inputFileListPaths = (
			);
			inputPaths = (
				"${DWARF_DSYM_FOLDER_PATH}/${DWARF_DSYM_FILE_NAME}",
				"${DWARF_DSYM_FOLDER_PATH}/${DWARF_DSYM_FILE_NAME}/Contents/Resources/DWARF/${PRODUCT_NAME}",
				"${DWARF_DSYM_FOLDER_PATH}/${DWARF_DSYM_FILE_NAME}/Contents/Info.plist",
				"$(TARGET_BUILD_DIR)/$(UNLOCALIZED_RESOURCES_FOLDER_PATH)/GoogleService-Info.plist",
				"$(TARGET_BUILD_DIR)/$(EXECUTABLE_PATH)",
			);
			outputFileListPaths = (
			);
			outputPaths = (
			);
			runOnlyForDeploymentPostprocessing = 0;
			shellPath = /bin/sh;
			shellScript = "# Type a script or drag a script file from your workspace to insert its path.\n\"${BUILD_DIR%/Build/*}/SourcePackages/checkouts/firebase-ios-sdk/Crashlytics/run\"\n";
		};
/* End PBXShellScriptBuildPhase section */

/* Begin PBXSourcesBuildPhase section */
		72366E962B10A5D50060F673 /* Sources */ = {
			isa = PBXSourcesBuildPhase;
			buildActionMask = 2147483647;
			files = (
				72E652EE2B17A78A00444498 /* TransactionsView.swift in Sources */,
				72D2357A2CD1294800D6F061 /* TransactionDetailView.swift in Sources */,
				72B598322B6B8E1E001FEEE8 /* ItemsView.swift in Sources */,
				7280D9192B14773000C38D1E /* MenuAppearanceEnvironmentKey.swift in Sources */,
				7280ADEF2CFDF4CD00E3FDF5 /* Order.swift in Sources */,
				7280ADF32D01E89600E3FDF5 /* OrderDetailView.swift in Sources */,
				72B598302B6B8DF8001FEEE8 /* CartView.swift in Sources */,
				723F26452C97E28E004079F3 /* UserDefaults+Key.swift in Sources */,
				72BB90472CF21C7C00B0CB6A /* Configuration.swift in Sources */,
				723F26482C994791004079F3 /* ItemManageListView.swift in Sources */,
				729745402B731BAB0068BAFA /* WelcomeView.swift in Sources */,
				7280D91B2B14773000C38D1E /* MenuLabelStyle.swift in Sources */,
				7280D9182B14773000C38D1E /* MenuAppearance.swift in Sources */,
				728A49532BD7B12E00C47FF5 /* ItemsManageView.swift in Sources */,
				7280D9342B14774D00C38D1E /* Dimension.swift in Sources */,
				72D235782CD128E600D6F061 /* TransactionsListView.swift in Sources */,
				7280D93E2B14778200C38D1E /* User.swift in Sources */,
				7280D9332B14774D00C38D1E /* AnchorPreferenceKey.swift in Sources */,
				729F11272CD5FCE000B80109 /* TransactionItemView.swift in Sources */,
				7280D91C2B14773000C38D1E /* MenuItemList.swift in Sources */,
				7280D9212B14773000C38D1E /* MenuBackground.swift in Sources */,
				72B5983B2B6F5BEC001FEEE8 /* TabBarItemView.swift in Sources */,
				7280D93B2B14774D00C38D1E /* TypographyStyle.swift in Sources */,
				72D2357C2CD12E4200D6F061 /* TransactionsViewModel.swift in Sources */,
				7280D9042B145FFF00C38D1E /* Drawer.swift in Sources */,
				7280D9082B14606B00C38D1E /* DrawerOpenedKey.swift in Sources */,
				7280D93A2B14774D00C38D1E /* Binding+Default.swift in Sources */,
				722922B42BDF445400B65583 /* ItemsManageViewModel.swift in Sources */,
				7280D91E2B14773000C38D1E /* UserImage.swift in Sources */,
				72366EA02B10A5D50060F673 /* ContentView.swift in Sources */,
				7280ADEB2CF3331800E3FDF5 /* NotificationService.swift in Sources */,
				72E652EB2B17A65200444498 /* CheckoutView.swift in Sources */,
				72D4CD922B7C65CB00AF7CBB /* SettingsView.swift in Sources */,
				721E954D2CB425B10007B9C0 /* CartItemView.swift in Sources */,
				7280D91A2B14773000C38D1E /* MenuButtonStyle.swift in Sources */,
				723F263D2C96E0CE004079F3 /* DBService.swift in Sources */,
				7280D9202B14773000C38D1E /* MenuView.swift in Sources */,
				7280ADED2CF3399400E3FDF5 /* OrderListView.swift in Sources */,
				7280D9362B14774D00C38D1E /* ColorScheme+Toggle.swift in Sources */,
				724208B72C9C01A900FA21FF /* AddItemSheetView.swift in Sources */,
				7280D91D2B14773000C38D1E /* MenuItem.swift in Sources */,
				725233A32B7CC6DE0010C182 /* _FlexibleView.swift in Sources */,
				724208B92C9C3FEF00FA21FF /* CategoryManageListView.swift in Sources */,
				7280ADE92CF3323C00E3FDF5 /* AppDelegate.swift in Sources */,
				72366E9E2B10A5D50060F673 /* posApp.swift in Sources */,
				723F26412C97D48C004079F3 /* Store.swift in Sources */,
				724208BB2C9C416700FA21FF /* AddCategorySheetView.swift in Sources */,
				72D4CD8E2B7B608800AF7CBB /* AuthService.swift in Sources */,
				7252339F2B7CB99E0010C182 /* Item.swift in Sources */,
				7280D91F2B14773000C38D1E /* MenuItemGeometryPreferenceKey.swift in Sources */,
				728FD8302CCFD11000E58FD1 /* Transaction.swift in Sources */,
				7280D9322B14774D00C38D1E /* MenuBackgroundTransition.swift in Sources */,
				7280D9392B14774D00C38D1E /* Label+MenuItem.swift in Sources */,
				72B598392B6F54CD001FEEE8 /* TabBarView.swift in Sources */,
				725233A72B7CC98B0010C182 /* FlexibleView.swift in Sources */,
				7280ADE72CF3246300E3FDF5 /* RouteFinder.swift in Sources */,
				725233A52B7CC7A00010C182 /* View+ReadSize.swift in Sources */,
				72B5983E2B7229F2001FEEE8 /* LoginView.swift in Sources */,
				7282B5B62CE88FA6007569F7 /* S3Service.swift in Sources */,
				7280D9172B14773000C38D1E /* UserHeader.swift in Sources */,
				721E954B2CB410ED0007B9C0 /* CartItem.swift in Sources */,
				72BB904A2CF311B800B0CB6A /* OrderView.swift in Sources */,
				725C701C2CE8E90400D4CBD9 /* ProductImage.swift in Sources */,
				725233A12B7CBEB80010C182 /* CheckoutViewModel.swift in Sources */,
				728A49552BD7B4C200C47FF5 /* ItemsSettings.swift in Sources */,
				725233A92B7DA50E0010C182 /* ProductItemView.swift in Sources */,
				723F263F2C970597004079F3 /* Category.swift in Sources */,
				7280ADF12CFDFADC00E3FDF5 /* OrderViewModel.swift in Sources */,
			);
			runOnlyForDeploymentPostprocessing = 0;
		};
		72366EA92B10A5D70060F673 /* Sources */ = {
			isa = PBXSourcesBuildPhase;
			buildActionMask = 2147483647;
			files = (
				7280D9052B145FFF00C38D1E /* Drawer.swift in Sources */,
				72366EB22B10A5D70060F673 /* posTests.swift in Sources */,
			);
			runOnlyForDeploymentPostprocessing = 0;
		};
		72366EB32B10A5D70060F673 /* Sources */ = {
			isa = PBXSourcesBuildPhase;
			buildActionMask = 2147483647;
			files = (
				72366EBC2B10A5D70060F673 /* posUITests.swift in Sources */,
				7280D9062B145FFF00C38D1E /* Drawer.swift in Sources */,
				72366EBE2B10A5D70060F673 /* posUITestsLaunchTests.swift in Sources */,
			);
			runOnlyForDeploymentPostprocessing = 0;
		};
/* End PBXSourcesBuildPhase section */

/* Begin PBXTargetDependency section */
		72366EAF2B10A5D70060F673 /* PBXTargetDependency */ = {
			isa = PBXTargetDependency;
			target = 72366E992B10A5D50060F673 /* pos */;
			targetProxy = 72366EAE2B10A5D70060F673 /* PBXContainerItemProxy */;
		};
		72366EB92B10A5D70060F673 /* PBXTargetDependency */ = {
			isa = PBXTargetDependency;
			target = 72366E992B10A5D50060F673 /* pos */;
			targetProxy = 72366EB82B10A5D70060F673 /* PBXContainerItemProxy */;
		};
/* End PBXTargetDependency section */

/* Begin XCBuildConfiguration section */
		72366EBF2B10A5D70060F673 /* Debug */ = {
			isa = XCBuildConfiguration;
			buildSettings = {
				ALWAYS_SEARCH_USER_PATHS = NO;
				ASSETCATALOG_COMPILER_GENERATE_SWIFT_ASSET_SYMBOL_EXTENSIONS = YES;
				CLANG_ANALYZER_LOCALIZABILITY_NONLOCALIZED = YES;
				CLANG_ANALYZER_NONNULL = YES;
				CLANG_ANALYZER_NUMBER_OBJECT_CONVERSION = YES_AGGRESSIVE;
				CLANG_CXX_LANGUAGE_STANDARD = "gnu++20";
				CLANG_ENABLE_MODULES = YES;
				CLANG_ENABLE_OBJC_ARC = YES;
				CLANG_ENABLE_OBJC_WEAK = YES;
				CLANG_WARN_BLOCK_CAPTURE_AUTORELEASING = YES;
				CLANG_WARN_BOOL_CONVERSION = YES;
				CLANG_WARN_COMMA = YES;
				CLANG_WARN_CONSTANT_CONVERSION = YES;
				CLANG_WARN_DEPRECATED_OBJC_IMPLEMENTATIONS = YES;
				CLANG_WARN_DIRECT_OBJC_ISA_USAGE = YES_ERROR;
				CLANG_WARN_DOCUMENTATION_COMMENTS = YES;
				CLANG_WARN_EMPTY_BODY = YES;
				CLANG_WARN_ENUM_CONVERSION = YES;
				CLANG_WARN_INFINITE_RECURSION = YES;
				CLANG_WARN_INT_CONVERSION = YES;
				CLANG_WARN_NON_LITERAL_NULL_CONVERSION = YES;
				CLANG_WARN_OBJC_IMPLICIT_RETAIN_SELF = YES;
				CLANG_WARN_OBJC_LITERAL_CONVERSION = YES;
				CLANG_WARN_OBJC_ROOT_CLASS = YES_ERROR;
				CLANG_WARN_QUOTED_INCLUDE_IN_FRAMEWORK_HEADER = YES;
				CLANG_WARN_RANGE_LOOP_ANALYSIS = YES;
				CLANG_WARN_STRICT_PROTOTYPES = YES;
				CLANG_WARN_SUSPICIOUS_MOVE = YES;
				CLANG_WARN_UNGUARDED_AVAILABILITY = YES_AGGRESSIVE;
				CLANG_WARN_UNREACHABLE_CODE = YES;
				CLANG_WARN__DUPLICATE_METHOD_MATCH = YES;
				COPY_PHASE_STRIP = NO;
				DEAD_CODE_STRIPPING = YES;
				DEBUG_INFORMATION_FORMAT = dwarf;
				ENABLE_STRICT_OBJC_MSGSEND = YES;
				ENABLE_TESTABILITY = YES;
				ENABLE_USER_SCRIPT_SANDBOXING = YES;
				GCC_C_LANGUAGE_STANDARD = gnu17;
				GCC_DYNAMIC_NO_PIC = NO;
				GCC_NO_COMMON_BLOCKS = YES;
				GCC_OPTIMIZATION_LEVEL = 0;
				GCC_PREPROCESSOR_DEFINITIONS = (
					"DEBUG=1",
					"$(inherited)",
				);
				GCC_WARN_64_TO_32_BIT_CONVERSION = YES;
				GCC_WARN_ABOUT_RETURN_TYPE = YES_ERROR;
				GCC_WARN_UNDECLARED_SELECTOR = YES;
				GCC_WARN_UNINITIALIZED_AUTOS = YES_AGGRESSIVE;
				GCC_WARN_UNUSED_FUNCTION = YES;
				GCC_WARN_UNUSED_VARIABLE = YES;
				IPHONEOS_DEPLOYMENT_TARGET = 16.0;
				LOCALIZATION_PREFERS_STRING_CATALOGS = YES;
				MTL_ENABLE_DEBUG_INFO = INCLUDE_SOURCE;
				MTL_FAST_MATH = YES;
				ONLY_ACTIVE_ARCH = YES;
				SWIFT_ACTIVE_COMPILATION_CONDITIONS = "DEBUG $(inherited)";
				SWIFT_OPTIMIZATION_LEVEL = "-Onone";
			};
			name = Debug;
		};
		72366EC02B10A5D70060F673 /* Release */ = {
			isa = XCBuildConfiguration;
			buildSettings = {
				ALWAYS_SEARCH_USER_PATHS = NO;
				ASSETCATALOG_COMPILER_GENERATE_SWIFT_ASSET_SYMBOL_EXTENSIONS = YES;
				CLANG_ANALYZER_LOCALIZABILITY_NONLOCALIZED = YES;
				CLANG_ANALYZER_NONNULL = YES;
				CLANG_ANALYZER_NUMBER_OBJECT_CONVERSION = YES_AGGRESSIVE;
				CLANG_CXX_LANGUAGE_STANDARD = "gnu++20";
				CLANG_ENABLE_MODULES = YES;
				CLANG_ENABLE_OBJC_ARC = YES;
				CLANG_ENABLE_OBJC_WEAK = YES;
				CLANG_WARN_BLOCK_CAPTURE_AUTORELEASING = YES;
				CLANG_WARN_BOOL_CONVERSION = YES;
				CLANG_WARN_COMMA = YES;
				CLANG_WARN_CONSTANT_CONVERSION = YES;
				CLANG_WARN_DEPRECATED_OBJC_IMPLEMENTATIONS = YES;
				CLANG_WARN_DIRECT_OBJC_ISA_USAGE = YES_ERROR;
				CLANG_WARN_DOCUMENTATION_COMMENTS = YES;
				CLANG_WARN_EMPTY_BODY = YES;
				CLANG_WARN_ENUM_CONVERSION = YES;
				CLANG_WARN_INFINITE_RECURSION = YES;
				CLANG_WARN_INT_CONVERSION = YES;
				CLANG_WARN_NON_LITERAL_NULL_CONVERSION = YES;
				CLANG_WARN_OBJC_IMPLICIT_RETAIN_SELF = YES;
				CLANG_WARN_OBJC_LITERAL_CONVERSION = YES;
				CLANG_WARN_OBJC_ROOT_CLASS = YES_ERROR;
				CLANG_WARN_QUOTED_INCLUDE_IN_FRAMEWORK_HEADER = YES;
				CLANG_WARN_RANGE_LOOP_ANALYSIS = YES;
				CLANG_WARN_STRICT_PROTOTYPES = YES;
				CLANG_WARN_SUSPICIOUS_MOVE = YES;
				CLANG_WARN_UNGUARDED_AVAILABILITY = YES_AGGRESSIVE;
				CLANG_WARN_UNREACHABLE_CODE = YES;
				CLANG_WARN__DUPLICATE_METHOD_MATCH = YES;
				COPY_PHASE_STRIP = NO;
				DEAD_CODE_STRIPPING = YES;
				DEBUG_INFORMATION_FORMAT = "dwarf-with-dsym";
				ENABLE_NS_ASSERTIONS = NO;
				ENABLE_STRICT_OBJC_MSGSEND = YES;
				ENABLE_USER_SCRIPT_SANDBOXING = YES;
				GCC_C_LANGUAGE_STANDARD = gnu17;
				GCC_NO_COMMON_BLOCKS = YES;
				GCC_WARN_64_TO_32_BIT_CONVERSION = YES;
				GCC_WARN_ABOUT_RETURN_TYPE = YES_ERROR;
				GCC_WARN_UNDECLARED_SELECTOR = YES;
				GCC_WARN_UNINITIALIZED_AUTOS = YES_AGGRESSIVE;
				GCC_WARN_UNUSED_FUNCTION = YES;
				GCC_WARN_UNUSED_VARIABLE = YES;
				IPHONEOS_DEPLOYMENT_TARGET = 16.0;
				LOCALIZATION_PREFERS_STRING_CATALOGS = YES;
				MTL_ENABLE_DEBUG_INFO = NO;
				MTL_FAST_MATH = YES;
				SWIFT_COMPILATION_MODE = wholemodule;
			};
			name = Release;
		};
		72366EC22B10A5D70060F673 /* Debug */ = {
			isa = XCBuildConfiguration;
			baseConfigurationReference = 72BB90442CF219B900B0CB6A /* Config.xcconfig */;
			buildSettings = {
				ASSETCATALOG_COMPILER_APPICON_NAME = AppIcon;
				ASSETCATALOG_COMPILER_GLOBAL_ACCENT_COLOR_NAME = AccentColor;
				CODE_SIGN_ENTITLEMENTS = pos/pos.entitlements;
				CODE_SIGN_IDENTITY = "Apple Development";
				CODE_SIGN_STYLE = Automatic;
				CURRENT_PROJECT_VERSION = 1;
				DEAD_CODE_STRIPPING = YES;
				DEBUG_INFORMATION_FORMAT = "dwarf-with-dsym";
				DEVELOPMENT_ASSET_PATHS = "\"pos/Preview Content\"";
				DEVELOPMENT_TEAM = FTK93KRW2L;
				ENABLE_HARDENED_RUNTIME = YES;
				ENABLE_PREVIEWS = YES;
				GENERATE_INFOPLIST_FILE = YES;
				INFOPLIST_FILE = pos/Info.plist;
				INFOPLIST_KEY_CFBundleDisplayName = "";
				INFOPLIST_KEY_LSApplicationCategoryType = "public.app-category.productivity";
				"INFOPLIST_KEY_UIApplicationSceneManifest_Generation[sdk=iphoneos*]" = YES;
				"INFOPLIST_KEY_UIApplicationSceneManifest_Generation[sdk=iphonesimulator*]" = YES;
				"INFOPLIST_KEY_UIApplicationSupportsIndirectInputEvents[sdk=iphoneos*]" = YES;
				"INFOPLIST_KEY_UIApplicationSupportsIndirectInputEvents[sdk=iphonesimulator*]" = YES;
				"INFOPLIST_KEY_UILaunchScreen_Generation[sdk=iphoneos*]" = YES;
				"INFOPLIST_KEY_UILaunchScreen_Generation[sdk=iphonesimulator*]" = YES;
				"INFOPLIST_KEY_UIStatusBarStyle[sdk=iphoneos*]" = UIStatusBarStyleDefault;
				"INFOPLIST_KEY_UIStatusBarStyle[sdk=iphonesimulator*]" = UIStatusBarStyleDefault;
				INFOPLIST_KEY_UISupportedInterfaceOrientations = "UIInterfaceOrientationLandscapeLeft UIInterfaceOrientationLandscapeRight UIInterfaceOrientationPortrait";
				INFOPLIST_KEY_UISupportedInterfaceOrientations_iPad = "UIInterfaceOrientationLandscapeLeft UIInterfaceOrientationLandscapeRight UIInterfaceOrientationPortrait UIInterfaceOrientationPortraitUpsideDown";
				IPHONEOS_DEPLOYMENT_TARGET = 17.0;
				LD_RUNPATH_SEARCH_PATHS = "@executable_path/Frameworks";
				"LD_RUNPATH_SEARCH_PATHS[sdk=macosx*]" = "@executable_path/../Frameworks";
				MACOSX_DEPLOYMENT_TARGET = 13.0;
				MARKETING_VERSION = 1.0;
				PRODUCT_BUNDLE_IDENTIFIER = cc.seaotter.pos;
				PRODUCT_NAME = "$(TARGET_NAME)";
				PROVISIONING_PROFILE_SPECIFIER = "";
				SDKROOT = auto;
				SUPPORTED_PLATFORMS = "iphoneos iphonesimulator";
				SUPPORTS_MACCATALYST = NO;
				SWIFT_EMIT_LOC_STRINGS = YES;
				SWIFT_VERSION = 5.0;
				TARGETED_DEVICE_FAMILY = "1,2";
			};
			name = Debug;
		};
		72366EC32B10A5D70060F673 /* Release */ = {
			isa = XCBuildConfiguration;
			baseConfigurationReference = 72BB90442CF219B900B0CB6A /* Config.xcconfig */;
			buildSettings = {
				ASSETCATALOG_COMPILER_APPICON_NAME = AppIcon;
				ASSETCATALOG_COMPILER_GLOBAL_ACCENT_COLOR_NAME = AccentColor;
				CODE_SIGN_ENTITLEMENTS = pos/pos.entitlements;
				CODE_SIGN_IDENTITY = "Apple Development";
				CODE_SIGN_STYLE = Automatic;
				CURRENT_PROJECT_VERSION = 1;
				DEAD_CODE_STRIPPING = YES;
				DEVELOPMENT_ASSET_PATHS = "\"pos/Preview Content\"";
				DEVELOPMENT_TEAM = FTK93KRW2L;
				ENABLE_HARDENED_RUNTIME = YES;
				ENABLE_PREVIEWS = YES;
				GENERATE_INFOPLIST_FILE = YES;
				INFOPLIST_FILE = pos/Info.plist;
				INFOPLIST_KEY_CFBundleDisplayName = "";
				INFOPLIST_KEY_LSApplicationCategoryType = "public.app-category.productivity";
				"INFOPLIST_KEY_UIApplicationSceneManifest_Generation[sdk=iphoneos*]" = YES;
				"INFOPLIST_KEY_UIApplicationSceneManifest_Generation[sdk=iphonesimulator*]" = YES;
				"INFOPLIST_KEY_UIApplicationSupportsIndirectInputEvents[sdk=iphoneos*]" = YES;
				"INFOPLIST_KEY_UIApplicationSupportsIndirectInputEvents[sdk=iphonesimulator*]" = YES;
				"INFOPLIST_KEY_UILaunchScreen_Generation[sdk=iphoneos*]" = YES;
				"INFOPLIST_KEY_UILaunchScreen_Generation[sdk=iphonesimulator*]" = YES;
				"INFOPLIST_KEY_UIStatusBarStyle[sdk=iphoneos*]" = UIStatusBarStyleDefault;
				"INFOPLIST_KEY_UIStatusBarStyle[sdk=iphonesimulator*]" = UIStatusBarStyleDefault;
				INFOPLIST_KEY_UISupportedInterfaceOrientations = "UIInterfaceOrientationLandscapeLeft UIInterfaceOrientationLandscapeRight UIInterfaceOrientationPortrait";
				INFOPLIST_KEY_UISupportedInterfaceOrientations_iPad = "UIInterfaceOrientationLandscapeLeft UIInterfaceOrientationLandscapeRight UIInterfaceOrientationPortrait UIInterfaceOrientationPortraitUpsideDown";
				IPHONEOS_DEPLOYMENT_TARGET = 17.0;
				LD_RUNPATH_SEARCH_PATHS = "@executable_path/Frameworks";
				"LD_RUNPATH_SEARCH_PATHS[sdk=macosx*]" = "@executable_path/../Frameworks";
				MACOSX_DEPLOYMENT_TARGET = 13.0;
				MARKETING_VERSION = 1.0;
				PRODUCT_BUNDLE_IDENTIFIER = cc.seaotter.pos;
				PRODUCT_NAME = "$(TARGET_NAME)";
				PROVISIONING_PROFILE_SPECIFIER = "";
				SDKROOT = auto;
				SUPPORTED_PLATFORMS = "iphoneos iphonesimulator";
				SUPPORTS_MACCATALYST = NO;
				SWIFT_EMIT_LOC_STRINGS = YES;
				SWIFT_VERSION = 5.0;
				TARGETED_DEVICE_FAMILY = "1,2";
			};
			name = Release;
		};
		72366EC52B10A5D70060F673 /* Debug */ = {
			isa = XCBuildConfiguration;
			buildSettings = {
				ALWAYS_EMBED_SWIFT_STANDARD_LIBRARIES = YES;
				BUNDLE_LOADER = "$(TEST_HOST)";
				CODE_SIGN_STYLE = Automatic;
				CURRENT_PROJECT_VERSION = 1;
				DEAD_CODE_STRIPPING = YES;
				GENERATE_INFOPLIST_FILE = YES;
				IPHONEOS_DEPLOYMENT_TARGET = 17.0;
				MACOSX_DEPLOYMENT_TARGET = 14.0;
				MARKETING_VERSION = 1.0;
				PRODUCT_BUNDLE_IDENTIFIER = brian.posTests;
				PRODUCT_NAME = "$(TARGET_NAME)";
				SDKROOT = auto;
				SUPPORTED_PLATFORMS = "iphoneos iphonesimulator macosx";
				SWIFT_EMIT_LOC_STRINGS = NO;
				SWIFT_VERSION = 5.0;
				TARGETED_DEVICE_FAMILY = "1,2";
				TEST_HOST = "$(BUILT_PRODUCTS_DIR)/pos.app/$(BUNDLE_EXECUTABLE_FOLDER_PATH)/pos";
			};
			name = Debug;
		};
		72366EC62B10A5D70060F673 /* Release */ = {
			isa = XCBuildConfiguration;
			buildSettings = {
				ALWAYS_EMBED_SWIFT_STANDARD_LIBRARIES = YES;
				BUNDLE_LOADER = "$(TEST_HOST)";
				CODE_SIGN_STYLE = Automatic;
				CURRENT_PROJECT_VERSION = 1;
				DEAD_CODE_STRIPPING = YES;
				GENERATE_INFOPLIST_FILE = YES;
				IPHONEOS_DEPLOYMENT_TARGET = 17.0;
				MACOSX_DEPLOYMENT_TARGET = 14.0;
				MARKETING_VERSION = 1.0;
				PRODUCT_BUNDLE_IDENTIFIER = brian.posTests;
				PRODUCT_NAME = "$(TARGET_NAME)";
				SDKROOT = auto;
				SUPPORTED_PLATFORMS = "iphoneos iphonesimulator macosx";
				SWIFT_EMIT_LOC_STRINGS = NO;
				SWIFT_VERSION = 5.0;
				TARGETED_DEVICE_FAMILY = "1,2";
				TEST_HOST = "$(BUILT_PRODUCTS_DIR)/pos.app/$(BUNDLE_EXECUTABLE_FOLDER_PATH)/pos";
			};
			name = Release;
		};
		72366EC82B10A5D70060F673 /* Debug */ = {
			isa = XCBuildConfiguration;
			buildSettings = {
				ALWAYS_EMBED_SWIFT_STANDARD_LIBRARIES = YES;
				CODE_SIGN_STYLE = Automatic;
				CURRENT_PROJECT_VERSION = 1;
				DEAD_CODE_STRIPPING = YES;
				GENERATE_INFOPLIST_FILE = YES;
				IPHONEOS_DEPLOYMENT_TARGET = 17.0;
				MACOSX_DEPLOYMENT_TARGET = 14.0;
				MARKETING_VERSION = 1.0;
				PRODUCT_BUNDLE_IDENTIFIER = brian.posUITests;
				PRODUCT_NAME = "$(TARGET_NAME)";
				SDKROOT = auto;
				SUPPORTED_PLATFORMS = "iphoneos iphonesimulator macosx";
				SWIFT_EMIT_LOC_STRINGS = NO;
				SWIFT_VERSION = 5.0;
				TARGETED_DEVICE_FAMILY = "1,2";
				TEST_TARGET_NAME = pos;
			};
			name = Debug;
		};
		72366EC92B10A5D70060F673 /* Release */ = {
			isa = XCBuildConfiguration;
			buildSettings = {
				ALWAYS_EMBED_SWIFT_STANDARD_LIBRARIES = YES;
				CODE_SIGN_STYLE = Automatic;
				CURRENT_PROJECT_VERSION = 1;
				DEAD_CODE_STRIPPING = YES;
				GENERATE_INFOPLIST_FILE = YES;
				IPHONEOS_DEPLOYMENT_TARGET = 17.0;
				MACOSX_DEPLOYMENT_TARGET = 14.0;
				MARKETING_VERSION = 1.0;
				PRODUCT_BUNDLE_IDENTIFIER = brian.posUITests;
				PRODUCT_NAME = "$(TARGET_NAME)";
				SDKROOT = auto;
				SUPPORTED_PLATFORMS = "iphoneos iphonesimulator macosx";
				SWIFT_EMIT_LOC_STRINGS = NO;
				SWIFT_VERSION = 5.0;
				TARGETED_DEVICE_FAMILY = "1,2";
				TEST_TARGET_NAME = pos;
			};
			name = Release;
		};
/* End XCBuildConfiguration section */

/* Begin XCConfigurationList section */
		72366E952B10A5D50060F673 /* Build configuration list for PBXProject "pos" */ = {
			isa = XCConfigurationList;
			buildConfigurations = (
				72366EBF2B10A5D70060F673 /* Debug */,
				72366EC02B10A5D70060F673 /* Release */,
			);
			defaultConfigurationIsVisible = 0;
			defaultConfigurationName = Release;
		};
		72366EC12B10A5D70060F673 /* Build configuration list for PBXNativeTarget "pos" */ = {
			isa = XCConfigurationList;
			buildConfigurations = (
				72366EC22B10A5D70060F673 /* Debug */,
				72366EC32B10A5D70060F673 /* Release */,
			);
			defaultConfigurationIsVisible = 0;
			defaultConfigurationName = Release;
		};
		72366EC42B10A5D70060F673 /* Build configuration list for PBXNativeTarget "posTests" */ = {
			isa = XCConfigurationList;
			buildConfigurations = (
				72366EC52B10A5D70060F673 /* Debug */,
				72366EC62B10A5D70060F673 /* Release */,
			);
			defaultConfigurationIsVisible = 0;
			defaultConfigurationName = Release;
		};
		72366EC72B10A5D70060F673 /* Build configuration list for PBXNativeTarget "posUITests" */ = {
			isa = XCConfigurationList;
			buildConfigurations = (
				72366EC82B10A5D70060F673 /* Debug */,
				72366EC92B10A5D70060F673 /* Release */,
			);
			defaultConfigurationIsVisible = 0;
			defaultConfigurationName = Release;
		};
/* End XCConfigurationList section */

/* Begin XCRemoteSwiftPackageReference section */
		723CF5AC2CE8D7C00072F174 /* XCRemoteSwiftPackageReference "aws-sdk-swift" */ = {
			isa = XCRemoteSwiftPackageReference;
			repositoryURL = "https://github.com/awslabs/aws-sdk-swift";
			requirement = {
				kind = upToNextMajorVersion;
				minimumVersion = 1.0.42;
			};
		};
		725C701D2CEB6C1100D4CBD9 /* XCRemoteSwiftPackageReference "Kingfisher" */ = {
			isa = XCRemoteSwiftPackageReference;
			repositoryURL = "https://github.com/onevcat/Kingfisher.git";
			requirement = {
				kind = upToNextMajorVersion;
				minimumVersion = 8.1.0;
			};
		};
		72B598472B724A69001FEEE8 /* XCRemoteSwiftPackageReference "firebase-ios-sdk" */ = {
			isa = XCRemoteSwiftPackageReference;
			repositoryURL = "https://github.com/firebase/firebase-ios-sdk";
			requirement = {
				kind = upToNextMajorVersion;
				minimumVersion = 10.20.0;
			};
		};
		72D4CD932B7C6A9900AF7CBB /* XCRemoteSwiftPackageReference "GoogleSignIn-iOS" */ = {
			isa = XCRemoteSwiftPackageReference;
			repositoryURL = "https://github.com/google/GoogleSignIn-iOS";
			requirement = {
				kind = upToNextMajorVersion;
				minimumVersion = 7.0.0;
			};
		};
/* End XCRemoteSwiftPackageReference section */

/* Begin XCSwiftPackageProductDependency section */
		723CF5AD2CE8D7C00072F174 /* AWSS3 */ = {
			isa = XCSwiftPackageProductDependency;
			package = 723CF5AC2CE8D7C00072F174 /* XCRemoteSwiftPackageReference "aws-sdk-swift" */;
			productName = AWSS3;
		};
		725C701E2CEB6C1100D4CBD9 /* Kingfisher */ = {
			isa = XCSwiftPackageProductDependency;
			package = 725C701D2CEB6C1100D4CBD9 /* XCRemoteSwiftPackageReference "Kingfisher" */;
			productName = Kingfisher;
		};
		72B598482B724A69001FEEE8 /* FirebaseAnalyticsSwift */ = {
			isa = XCSwiftPackageProductDependency;
			package = 72B598472B724A69001FEEE8 /* XCRemoteSwiftPackageReference "firebase-ios-sdk" */;
			productName = FirebaseAnalyticsSwift;
		};
		72B5984A2B724A69001FEEE8 /* FirebaseAuth */ = {
			isa = XCSwiftPackageProductDependency;
			package = 72B598472B724A69001FEEE8 /* XCRemoteSwiftPackageReference "firebase-ios-sdk" */;
			productName = FirebaseAuth;
		};
		72B5984C2B724A69001FEEE8 /* FirebaseCrashlytics */ = {
			isa = XCSwiftPackageProductDependency;
			package = 72B598472B724A69001FEEE8 /* XCRemoteSwiftPackageReference "firebase-ios-sdk" */;
			productName = FirebaseCrashlytics;
		};
		72B5984E2B724A69001FEEE8 /* FirebaseFirestoreSwift */ = {
			isa = XCSwiftPackageProductDependency;
			package = 72B598472B724A69001FEEE8 /* XCRemoteSwiftPackageReference "firebase-ios-sdk" */;
			productName = FirebaseFirestoreSwift;
		};
		72D4CD942B7C6A9900AF7CBB /* GoogleSignInSwift */ = {
			isa = XCSwiftPackageProductDependency;
			package = 72D4CD932B7C6A9900AF7CBB /* XCRemoteSwiftPackageReference "GoogleSignIn-iOS" */;
			productName = GoogleSignInSwift;
		};
/* End XCSwiftPackageProductDependency section */
	};
	rootObject = 72366E922B10A5D50060F673 /* Project object */;
}
